// !$*UTF8*$!
{
	archiveVersion = 1;
	classes = {
	};
	objectVersion = 46;
	objects = {

/* Begin PBXBuildFile section */
		56F764DBDB3B44E4BD2F3632 /* libPods.a in Frameworks */ = {isa = PBXBuildFile; fileRef = BD0AFDF4CE8E40AA9AFCF343 /* libPods.a */; };
		92877F531983B743007FB3F7 /* main.m in Sources */ = {isa = PBXBuildFile; fileRef = 92877F521983B743007FB3F7 /* main.m */; };
		92877F561983B743007FB3F7 /* AppDelegate.m in Sources */ = {isa = PBXBuildFile; fileRef = 92877F551983B743007FB3F7 /* AppDelegate.m */; };
		92877F591983B743007FB3F7 /* SberbankMobileMoneyTracker.xcdatamodeld in Sources */ = {isa = PBXBuildFile; fileRef = 92877F571983B743007FB3F7 /* SberbankMobileMoneyTracker.xcdatamodeld */; };
		92877F611983B743007FB3F7 /* Images.xcassets in Resources */ = {isa = PBXBuildFile; fileRef = 92877F601983B743007FB3F7 /* Images.xcassets */; };
		92877F821983BB97007FB3F7 /* StatisticViewController.m in Sources */ = {isa = PBXBuildFile; fileRef = 92877F801983BB97007FB3F7 /* StatisticViewController.m */; };
		92877F831983BB97007FB3F7 /* StatisticViewController.xib in Resources */ = {isa = PBXBuildFile; fileRef = 92877F811983BB97007FB3F7 /* StatisticViewController.xib */; };
		92877F881983BD86007FB3F7 /* CalendarView.m in Sources */ = {isa = PBXBuildFile; fileRef = 92877F871983BD86007FB3F7 /* CalendarView.m */; };
		92877F8A1983BE08007FB3F7 /* CalendarView.xib in Resources */ = {isa = PBXBuildFile; fileRef = 92877F891983BE08007FB3F7 /* CalendarView.xib */; };
		92877F8E1983BEC9007FB3F7 /* Circle.m in Sources */ = {isa = PBXBuildFile; fileRef = 92877F8D1983BEC9007FB3F7 /* Circle.m */; };
		92877F901983BED6007FB3F7 /* Circle.xib in Resources */ = {isa = PBXBuildFile; fileRef = 92877F8F1983BED6007FB3F7 /* Circle.xib */; };
/* End PBXBuildFile section */

/* Begin PBXFileReference section */
		54253365C4104F52B28FEFA7 /* Pods.xcconfig */ = {isa = PBXFileReference; includeInIndex = 1; lastKnownFileType = text.xcconfig; name = Pods.xcconfig; path = Pods/Pods.xcconfig; sourceTree = "<group>"; };
		92877F4D1983B743007FB3F7 /* SberbankMobileMoneyTracker.app */ = {isa = PBXFileReference; explicitFileType = wrapper.application; includeInIndex = 0; path = SberbankMobileMoneyTracker.app; sourceTree = BUILT_PRODUCTS_DIR; };
		92877F511983B743007FB3F7 /* Info.plist */ = {isa = PBXFileReference; lastKnownFileType = text.plist.xml; path = Info.plist; sourceTree = "<group>"; };
		92877F521983B743007FB3F7 /* main.m */ = {isa = PBXFileReference; lastKnownFileType = sourcecode.c.objc; path = main.m; sourceTree = "<group>"; };
		92877F541983B743007FB3F7 /* AppDelegate.h */ = {isa = PBXFileReference; lastKnownFileType = sourcecode.c.h; path = AppDelegate.h; sourceTree = "<group>"; };
		92877F551983B743007FB3F7 /* AppDelegate.m */ = {isa = PBXFileReference; lastKnownFileType = sourcecode.c.objc; path = AppDelegate.m; sourceTree = "<group>"; };
		92877F581983B743007FB3F7 /* SberbankMobileMoneyTracker.xcdatamodel */ = {isa = PBXFileReference; lastKnownFileType = wrapper.xcdatamodel; path = SberbankMobileMoneyTracker.xcdatamodel; sourceTree = "<group>"; };
		92877F601983B743007FB3F7 /* Images.xcassets */ = {isa = PBXFileReference; lastKnownFileType = folder.assetcatalog; path = Images.xcassets; sourceTree = "<group>"; };
		92877F7F1983BB97007FB3F7 /* StatisticViewController.h */ = {isa = PBXFileReference; fileEncoding = 4; lastKnownFileType = sourcecode.c.h; name = StatisticViewController.h; path = ViewControllers/StatisticViewController/StatisticViewController.h; sourceTree = "<group>"; };
		92877F801983BB97007FB3F7 /* StatisticViewController.m */ = {isa = PBXFileReference; fileEncoding = 4; lastKnownFileType = sourcecode.c.objc; name = StatisticViewController.m; path = ViewControllers/StatisticViewController/StatisticViewController.m; sourceTree = "<group>"; };
		92877F811983BB97007FB3F7 /* StatisticViewController.xib */ = {isa = PBXFileReference; fileEncoding = 4; lastKnownFileType = file.xib; name = StatisticViewController.xib; path = ViewControllers/StatisticViewController/StatisticViewController.xib; sourceTree = "<group>"; };
		92877F861983BD86007FB3F7 /* CalendarView.h */ = {isa = PBXFileReference; fileEncoding = 4; lastKnownFileType = sourcecode.c.h; name = CalendarView.h; path = CustomViews/CalendarView/CalendarView.h; sourceTree = "<group>"; };
		92877F871983BD86007FB3F7 /* CalendarView.m */ = {isa = PBXFileReference; fileEncoding = 4; lastKnownFileType = sourcecode.c.objc; name = CalendarView.m; path = CustomViews/CalendarView/CalendarView.m; sourceTree = "<group>"; };
		92877F891983BE08007FB3F7 /* CalendarView.xib */ = {isa = PBXFileReference; fileEncoding = 4; lastKnownFileType = file.xib; name = CalendarView.xib; path = CustomViews/CalendarView/CalendarView.xib; sourceTree = "<group>"; };
		92877F8C1983BEC9007FB3F7 /* Circle.h */ = {isa = PBXFileReference; fileEncoding = 4; lastKnownFileType = sourcecode.c.h; name = Circle.h; path = CustomViews/Circle/Circle.h; sourceTree = "<group>"; };
		92877F8D1983BEC9007FB3F7 /* Circle.m */ = {isa = PBXFileReference; fileEncoding = 4; lastKnownFileType = sourcecode.c.objc; name = Circle.m; path = CustomViews/Circle/Circle.m; sourceTree = "<group>"; };
		92877F8F1983BED6007FB3F7 /* Circle.xib */ = {isa = PBXFileReference; fileEncoding = 4; lastKnownFileType = file.xib; name = Circle.xib; path = CustomViews/Circle/Circle.xib; sourceTree = "<group>"; };
		BD0AFDF4CE8E40AA9AFCF343 /* libPods.a */ = {isa = PBXFileReference; explicitFileType = archive.ar; includeInIndex = 0; path = libPods.a; sourceTree = BUILT_PRODUCTS_DIR; };
/* End PBXFileReference section */

/* Begin PBXFrameworksBuildPhase section */
		92877F4A1983B743007FB3F7 /* Frameworks */ = {
			isa = PBXFrameworksBuildPhase;
			buildActionMask = 2147483647;
			files = (
				56F764DBDB3B44E4BD2F3632 /* libPods.a in Frameworks */,
			);
			runOnlyForDeploymentPostprocessing = 0;
		};
/* End PBXFrameworksBuildPhase section */

/* Begin PBXGroup section */
		0080898B3E7E48FBAE15462C /* Frameworks */ = {
			isa = PBXGroup;
			children = (
				BD0AFDF4CE8E40AA9AFCF343 /* libPods.a */,
			);
			name = Frameworks;
			sourceTree = "<group>";
		};
		92877F441983B743007FB3F7 = {
			isa = PBXGroup;
			children = (
				92877F4F1983B743007FB3F7 /* SberbankMobileMoneyTracker */,
				92877F4E1983B743007FB3F7 /* Products */,
				54253365C4104F52B28FEFA7 /* Pods.xcconfig */,
				0080898B3E7E48FBAE15462C /* Frameworks */,
			);
			sourceTree = "<group>";
		};
		92877F4E1983B743007FB3F7 /* Products */ = {
			isa = PBXGroup;
			children = (
				92877F4D1983B743007FB3F7 /* SberbankMobileMoneyTracker.app */,
			);
			name = Products;
			sourceTree = "<group>";
		};
		92877F4F1983B743007FB3F7 /* SberbankMobileMoneyTracker */ = {
			isa = PBXGroup;
			children = (
				92877F7D1983BB36007FB3F7 /* AppDelegate */,
				92877F7B1983BB29007FB3F7 /* Core */,
				92877F7A1983BB1A007FB3F7 /* ViewControllers */,
				92877F841983BD3D007FB3F7 /* CustomViews */,
				92877F501983B743007FB3F7 /* Supporting Files */,
			);
			path = SberbankMobileMoneyTracker;
			sourceTree = "<group>";
		};
		92877F501983B743007FB3F7 /* Supporting Files */ = {
			isa = PBXGroup;
			children = (
				92877F601983B743007FB3F7 /* Images.xcassets */,
				92877F511983B743007FB3F7 /* Info.plist */,
				92877F521983B743007FB3F7 /* main.m */,
			);
			name = "Supporting Files";
			sourceTree = "<group>";
		};
		92877F7A1983BB1A007FB3F7 /* ViewControllers */ = {
			isa = PBXGroup;
			children = (
				92877F7E1983BB45007FB3F7 /* StatisticViewController */,
			);
			name = ViewControllers;
			sourceTree = "<group>";
		};
		92877F7B1983BB29007FB3F7 /* Core */ = {
			isa = PBXGroup;
			children = (
				92877F7C1983BB2C007FB3F7 /* DataModel */,
			);
			name = Core;
			sourceTree = "<group>";
		};
		92877F7C1983BB2C007FB3F7 /* DataModel */ = {
			isa = PBXGroup;
			children = (
				92877F571983B743007FB3F7 /* SberbankMobileMoneyTracker.xcdatamodeld */,
			);
			name = DataModel;
			sourceTree = "<group>";
		};
		92877F7D1983BB36007FB3F7 /* AppDelegate */ = {
			isa = PBXGroup;
			children = (
				92877F541983B743007FB3F7 /* AppDelegate.h */,
				92877F551983B743007FB3F7 /* AppDelegate.m */,
			);
			name = AppDelegate;
			sourceTree = "<group>";
		};
		92877F7E1983BB45007FB3F7 /* StatisticViewController */ = {
			isa = PBXGroup;
			children = (
				92877F7F1983BB97007FB3F7 /* StatisticViewController.h */,
				92877F801983BB97007FB3F7 /* StatisticViewController.m */,
				92877F811983BB97007FB3F7 /* StatisticViewController.xib */,
			);
			name = StatisticViewController;
			sourceTree = "<group>";
		};
		92877F841983BD3D007FB3F7 /* CustomViews */ = {
			isa = PBXGroup;
			children = (
				92877F8B1983BEAA007FB3F7 /* Circle */,
				92877F851983BD5C007FB3F7 /* CalendarView */,
			);
			name = CustomViews;
			sourceTree = "<group>";
		};
		92877F851983BD5C007FB3F7 /* CalendarView */ = {
			isa = PBXGroup;
			children = (
				92877F861983BD86007FB3F7 /* CalendarView.h */,
				92877F871983BD86007FB3F7 /* CalendarView.m */,
				92877F891983BE08007FB3F7 /* CalendarView.xib */,
			);
			name = CalendarView;
			sourceTree = "<group>";
		};
		92877F8B1983BEAA007FB3F7 /* Circle */ = {
			isa = PBXGroup;
			children = (
				92877F8C1983BEC9007FB3F7 /* Circle.h */,
				92877F8D1983BEC9007FB3F7 /* Circle.m */,
				92877F8F1983BED6007FB3F7 /* Circle.xib */,
			);
			name = Circle;
			sourceTree = "<group>";
		};
/* End PBXGroup section */

/* Begin PBXNativeTarget section */
		92877F4C1983B743007FB3F7 /* SberbankMobileMoneyTracker */ = {
			isa = PBXNativeTarget;
			buildConfigurationList = 92877F701983B743007FB3F7 /* Build configuration list for PBXNativeTarget "SberbankMobileMoneyTracker" */;
			buildPhases = (
				05BFC515BA894A7AAD964DF9 /* Check Pods Manifest.lock */,
				92877F491983B743007FB3F7 /* Sources */,
				92877F4A1983B743007FB3F7 /* Frameworks */,
				92877F4B1983B743007FB3F7 /* Resources */,
				D8BA11D967F6485C801C4969 /* Copy Pods Resources */,
			);
			buildRules = (
			);
			dependencies = (
			);
			name = SberbankMobileMoneyTracker;
			productName = SberbankMobileMoneyTracker;
			productReference = 92877F4D1983B743007FB3F7 /* SberbankMobileMoneyTracker.app */;
			productType = "com.apple.product-type.application";
		};
/* End PBXNativeTarget section */

/* Begin PBXProject section */
		92877F451983B743007FB3F7 /* Project object */ = {
			isa = PBXProject;
			attributes = {
				LastUpgradeCheck = 0600;
				ORGANIZATIONNAME = Empatika;
				TargetAttributes = {
					92877F4C1983B743007FB3F7 = {
						CreatedOnToolsVersion = 6.0;
					};
				};
			};
			buildConfigurationList = 92877F481983B743007FB3F7 /* Build configuration list for PBXProject "SberbankMobileMoneyTracker" */;
			compatibilityVersion = "Xcode 3.2";
			developmentRegion = English;
			hasScannedForEncodings = 0;
			knownRegions = (
				en,
				Base,
			);
			mainGroup = 92877F441983B743007FB3F7;
			productRefGroup = 92877F4E1983B743007FB3F7 /* Products */;
			projectDirPath = "";
			projectRoot = "";
			targets = (
				92877F4C1983B743007FB3F7 /* SberbankMobileMoneyTracker */,
			);
		};
/* End PBXProject section */

/* Begin PBXResourcesBuildPhase section */
		92877F4B1983B743007FB3F7 /* Resources */ = {
			isa = PBXResourcesBuildPhase;
			buildActionMask = 2147483647;
			files = (
				92877F8A1983BE08007FB3F7 /* CalendarView.xib in Resources */,
				92877F901983BED6007FB3F7 /* Circle.xib in Resources */,
				92877F611983B743007FB3F7 /* Images.xcassets in Resources */,
				92877F831983BB97007FB3F7 /* StatisticViewController.xib in Resources */,
			);
			runOnlyForDeploymentPostprocessing = 0;
		};
/* End PBXResourcesBuildPhase section */

/* Begin PBXShellScriptBuildPhase section */
		05BFC515BA894A7AAD964DF9 /* Check Pods Manifest.lock */ = {
			isa = PBXShellScriptBuildPhase;
			buildActionMask = 2147483647;
			files = (
			);
			inputPaths = (
			);
			name = "Check Pods Manifest.lock";
			outputPaths = (
			);
			runOnlyForDeploymentPostprocessing = 0;
			shellPath = /bin/sh;
			shellScript = "diff \"${PODS_ROOT}/../Podfile.lock\" \"${PODS_ROOT}/Manifest.lock\" > /dev/null\nif [[ $? != 0 ]] ; then\n    cat << EOM\nerror: The sandbox is not in sync with the Podfile.lock. Run 'pod install' or update your CocoaPods installation.\nEOM\n    exit 1\nfi\n";
			showEnvVarsInLog = 0;
		};
		D8BA11D967F6485C801C4969 /* Copy Pods Resources */ = {
			isa = PBXShellScriptBuildPhase;
			buildActionMask = 2147483647;
			files = (
			);
			inputPaths = (
			);
			name = "Copy Pods Resources";
			outputPaths = (
			);
			runOnlyForDeploymentPostprocessing = 0;
			shellPath = /bin/sh;
			shellScript = "\"${SRCROOT}/Pods/Pods-resources.sh\"\n";
			showEnvVarsInLog = 0;
		};
/* End PBXShellScriptBuildPhase section */

/* Begin PBXSourcesBuildPhase section */
		92877F491983B743007FB3F7 /* Sources */ = {
			isa = PBXSourcesBuildPhase;
			buildActionMask = 2147483647;
			files = (
				92877F561983B743007FB3F7 /* AppDelegate.m in Sources */,
				92877F591983B743007FB3F7 /* SberbankMobileMoneyTracker.xcdatamodeld in Sources */,
				92877F531983B743007FB3F7 /* main.m in Sources */,
				92877F8E1983BEC9007FB3F7 /* Circle.m in Sources */,
				92877F821983BB97007FB3F7 /* StatisticViewController.m in Sources */,
				92877F881983BD86007FB3F7 /* CalendarView.m in Sources */,
			);
			runOnlyForDeploymentPostprocessing = 0;
		};
/* End PBXSourcesBuildPhase section */

/* Begin XCBuildConfiguration section */
		92877F6E1983B743007FB3F7 /* Debug */ = {
			isa = XCBuildConfiguration;
			buildSettings = {
				ALWAYS_SEARCH_USER_PATHS = NO;
				CLANG_CXX_LANGUAGE_STANDARD = "gnu++0x";
				CLANG_CXX_LIBRARY = "libc++";
				CLANG_ENABLE_MODULES = YES;
				CLANG_ENABLE_OBJC_ARC = YES;
				CLANG_WARN_BOOL_CONVERSION = YES;
				CLANG_WARN_CONSTANT_CONVERSION = YES;
				CLANG_WARN_DIRECT_OBJC_ISA_USAGE = YES_ERROR;
				CLANG_WARN_EMPTY_BODY = YES;
				CLANG_WARN_ENUM_CONVERSION = YES;
				CLANG_WARN_INT_CONVERSION = YES;
				CLANG_WARN_OBJC_ROOT_CLASS = YES_ERROR;
				CLANG_WARN_UNREACHABLE_CODE = YES;
				CLANG_WARN__DUPLICATE_METHOD_MATCH = YES;
				"CODE_SIGN_IDENTITY[sdk=iphoneos*]" = "iPhone Developer";
				COPY_PHASE_STRIP = NO;
				ENABLE_STRICT_OBJC_MSGSEND = YES;
				GCC_C_LANGUAGE_STANDARD = gnu99;
				GCC_DYNAMIC_NO_PIC = NO;
				GCC_OPTIMIZATION_LEVEL = 0;
				GCC_PREPROCESSOR_DEFINITIONS = (
					"DEBUG=1",
					"$(inherited)",
				);
				GCC_SYMBOLS_PRIVATE_EXTERN = NO;
				GCC_WARN_64_TO_32_BIT_CONVERSION = YES;
				GCC_WARN_ABOUT_RETURN_TYPE = YES_ERROR;
				GCC_WARN_UNDECLARED_SELECTOR = YES;
				GCC_WARN_UNINITIALIZED_AUTOS = YES_AGGRESSIVE;
				GCC_WARN_UNUSED_FUNCTION = YES;
				GCC_WARN_UNUSED_VARIABLE = YES;
				IPHONEOS_DEPLOYMENT_TARGET = 8.0;
				MTL_ENABLE_DEBUG_INFO = YES;
				ONLY_ACTIVE_ARCH = YES;
				SDKROOT = iphoneos;
			};
			name = Debug;
		};
		92877F6F1983B743007FB3F7 /* Release */ = {
			isa = XCBuildConfiguration;
			buildSettings = {
				ALWAYS_SEARCH_USER_PATHS = NO;
				CLANG_CXX_LANGUAGE_STANDARD = "gnu++0x";
				CLANG_CXX_LIBRARY = "libc++";
				CLANG_ENABLE_MODULES = YES;
				CLANG_ENABLE_OBJC_ARC = YES;
				CLANG_WARN_BOOL_CONVERSION = YES;
				CLANG_WARN_CONSTANT_CONVERSION = YES;
				CLANG_WARN_DIRECT_OBJC_ISA_USAGE = YES_ERROR;
				CLANG_WARN_EMPTY_BODY = YES;
				CLANG_WARN_ENUM_CONVERSION = YES;
				CLANG_WARN_INT_CONVERSION = YES;
				CLANG_WARN_OBJC_ROOT_CLASS = YES_ERROR;
				CLANG_WARN_UNREACHABLE_CODE = YES;
				CLANG_WARN__DUPLICATE_METHOD_MATCH = YES;
				"CODE_SIGN_IDENTITY[sdk=iphoneos*]" = "iPhone Developer";
				COPY_PHASE_STRIP = YES;
				ENABLE_NS_ASSERTIONS = NO;
				ENABLE_STRICT_OBJC_MSGSEND = YES;
				GCC_C_LANGUAGE_STANDARD = gnu99;
				GCC_WARN_64_TO_32_BIT_CONVERSION = YES;
				GCC_WARN_ABOUT_RETURN_TYPE = YES_ERROR;
				GCC_WARN_UNDECLARED_SELECTOR = YES;
				GCC_WARN_UNINITIALIZED_AUTOS = YES_AGGRESSIVE;
				GCC_WARN_UNUSED_FUNCTION = YES;
				GCC_WARN_UNUSED_VARIABLE = YES;
				IPHONEOS_DEPLOYMENT_TARGET = 8.0;
				MTL_ENABLE_DEBUG_INFO = NO;
				SDKROOT = iphoneos;
				VALIDATE_PRODUCT = YES;
			};
			name = Release;
		};
		92877F711983B743007FB3F7 /* Debug */ = {
			isa = XCBuildConfiguration;
			baseConfigurationReference = 54253365C4104F52B28FEFA7 /* Pods.xcconfig */;
			buildSettings = {
				ASSETCATALOG_COMPILER_APPICON_NAME = AppIcon;
				ASSETCATALOG_COMPILER_LAUNCHIMAGE_NAME = LaunchImage;
				INFOPLIST_FILE = SberbankMobileMoneyTracker/Info.plist;
				LD_RUNPATH_SEARCH_PATHS = "$(inherited) @executable_path/Frameworks";
				PRODUCT_NAME = "$(TARGET_NAME)";
			};
			name = Debug;
		};
		92877F721983B743007FB3F7 /* Release */ = {
			isa = XCBuildConfiguration;
			baseConfigurationReference = 54253365C4104F52B28FEFA7 /* Pods.xcconfig */;
			buildSettings = {
				ASSETCATALOG_COMPILER_APPICON_NAME = AppIcon;
				ASSETCATALOG_COMPILER_LAUNCHIMAGE_NAME = LaunchImage;
				INFOPLIST_FILE = SberbankMobileMoneyTracker/Info.plist;
				LD_RUNPATH_SEARCH_PATHS = "$(inherited) @executable_path/Frameworks";
				PRODUCT_NAME = "$(TARGET_NAME)";
			};
			name = Release;
		};
/* End XCBuildConfiguration section */

/* Begin XCConfigurationList section */
		92877F481983B743007FB3F7 /* Build configuration list for PBXProject "SberbankMobileMoneyTracker" */ = {
			isa = XCConfigurationList;
			buildConfigurations = (
				92877F6E1983B743007FB3F7 /* Debug */,
				92877F6F1983B743007FB3F7 /* Release */,
			);
			defaultConfigurationIsVisible = 0;
			defaultConfigurationName = Release;
		};
		92877F701983B743007FB3F7 /* Build configuration list for PBXNativeTarget "SberbankMobileMoneyTracker" */ = {
			isa = XCConfigurationList;
			buildConfigurations = (
				92877F711983B743007FB3F7 /* Debug */,
				92877F721983B743007FB3F7 /* Release */,
			);
			defaultConfigurationIsVisible = 0;
			defaultConfigurationName = Release;
		};
/* End XCConfigurationList section */

/* Begin XCVersionGroup section */
		92877F571983B743007FB3F7 /* SberbankMobileMoneyTracker.xcdatamodeld */ = {
			isa = XCVersionGroup;
			children = (
				92877F581983B743007FB3F7 /* SberbankMobileMoneyTracker.xcdatamodel */,
			);
			currentVersion = 92877F581983B743007FB3F7 /* SberbankMobileMoneyTracker.xcdatamodel */;
			path = SberbankMobileMoneyTracker.xcdatamodeld;
			sourceTree = "<group>";
			versionGroupType = wrapper.xcdatamodel;
		};
/* End XCVersionGroup section */
	};
	rootObject = 92877F451983B743007FB3F7 /* Project object */;
}
