// !$*UTF8*$!
{
	archiveVersion = 1;
	classes = {
	};
	objectVersion = 46;
	objects = {

/* Begin PBXBuildFile section */
		56F764DBDB3B44E4BD2F3632 /* libPods.a in Frameworks */ = {isa = PBXBuildFile; fileRef = BD0AFDF4CE8E40AA9AFCF343 /* libPods.a */; };
		92300E011984A18B006B2078 /* NotificationCenter.framework in Frameworks */ = {isa = PBXBuildFile; fileRef = 922ECBD219849D1B0032A81E /* NotificationCenter.framework */; };
		92300E071984A18B006B2078 /* TodayViewController.m in Sources */ = {isa = PBXBuildFile; fileRef = 92300E061984A18B006B2078 /* TodayViewController.m */; };
		92300E091984A18B006B2078 /* MainInterface.storyboard in Resources */ = {isa = PBXBuildFile; fileRef = 92300E081984A18B006B2078 /* MainInterface.storyboard */; };
		92300E0C1984A18B006B2078 /* SberbankMobileMoneyTrackerToday.appex in Embed App Extensions */ = {isa = PBXBuildFile; fileRef = 92300E001984A18B006B2078 /* SberbankMobileMoneyTrackerToday.appex */; };
		92300E231984A1E5006B2078 /* Circle.m in Sources */ = {isa = PBXBuildFile; fileRef = 92300E141984A1E5006B2078 /* Circle.m */; };
		92300E241984A1E5006B2078 /* CirclesView.m in Sources */ = {isa = PBXBuildFile; fileRef = 92300E161984A1E5006B2078 /* CirclesView.m */; };
		92300E251984A1E5006B2078 /* LabelOnCircle.m in Sources */ = {isa = PBXBuildFile; fileRef = 92300E181984A1E5006B2078 /* LabelOnCircle.m */; };
		92300E261984A1E5006B2078 /* NSArray+Functional.m in Sources */ = {isa = PBXBuildFile; fileRef = 92300E1A1984A1E5006B2078 /* NSArray+Functional.m */; };
		92300E271984A1E5006B2078 /* UIColor+AppColors.m in Sources */ = {isa = PBXBuildFile; fileRef = 92300E1C1984A1E5006B2078 /* UIColor+AppColors.m */; };
		92300E281984A1E5006B2078 /* UIColor+Expanded.m in Sources */ = {isa = PBXBuildFile; fileRef = 92300E1E1984A1E5006B2078 /* UIColor+Expanded.m */; };
		92300E291984A1E5006B2078 /* UIImage+ImageFromColor.m in Sources */ = {isa = PBXBuildFile; fileRef = 92300E201984A1E5006B2078 /* UIImage+ImageFromColor.m */; };
		92300E2A1984A1E5006B2078 /* UIView+Tag.m in Sources */ = {isa = PBXBuildFile; fileRef = 92300E221984A1E5006B2078 /* UIView+Tag.m */; };
		924E161A1984DA9500903C7E /* NSDictionary+FastSearch.m in Sources */ = {isa = PBXBuildFile; fileRef = 924E16191984DA9500903C7E /* NSDictionary+FastSearch.m */; };
		92801811198463B7002901F3 /* ExpenseViewController.m in Sources */ = {isa = PBXBuildFile; fileRef = 9280180F198463B7002901F3 /* ExpenseViewController.m */; };
		92801812198463B7002901F3 /* ExpenseViewController.xib in Resources */ = {isa = PBXBuildFile; fileRef = 92801810198463B7002901F3 /* ExpenseViewController.xib */; };
		92801814198470BC002901F3 /* Parse.framework in Frameworks */ = {isa = PBXBuildFile; fileRef = 92801813198470BC002901F3 /* Parse.framework */; };
		92801816198470CA002901F3 /* AudioToolbox.framework in Frameworks */ = {isa = PBXBuildFile; fileRef = 92801815198470CA002901F3 /* AudioToolbox.framework */; };
		92801818198470CE002901F3 /* CFNetwork.framework in Frameworks */ = {isa = PBXBuildFile; fileRef = 92801817198470CE002901F3 /* CFNetwork.framework */; };
		9280181A198470D4002901F3 /* CoreGraphics.framework in Frameworks */ = {isa = PBXBuildFile; fileRef = 92801819198470D4002901F3 /* CoreGraphics.framework */; };
		9280181C198470D9002901F3 /* CoreLocation.framework in Frameworks */ = {isa = PBXBuildFile; fileRef = 9280181B198470D9002901F3 /* CoreLocation.framework */; };
		9280181E198470E1002901F3 /* libz.dylib in Frameworks */ = {isa = PBXBuildFile; fileRef = 9280181D198470E1002901F3 /* libz.dylib */; };
		92801820198470E7002901F3 /* MobileCoreServices.framework in Frameworks */ = {isa = PBXBuildFile; fileRef = 9280181F198470E7002901F3 /* MobileCoreServices.framework */; };
		92801822198470EB002901F3 /* QuartzCore.framework in Frameworks */ = {isa = PBXBuildFile; fileRef = 92801821198470EB002901F3 /* QuartzCore.framework */; };
		92801824198470F0002901F3 /* Security.framework in Frameworks */ = {isa = PBXBuildFile; fileRef = 92801823198470F0002901F3 /* Security.framework */; };
		92801826198470F5002901F3 /* StoreKit.framework in Frameworks */ = {isa = PBXBuildFile; fileRef = 92801825198470F5002901F3 /* StoreKit.framework */; };
		92801828198470FA002901F3 /* SystemConfiguration.framework in Frameworks */ = {isa = PBXBuildFile; fileRef = 92801827198470FA002901F3 /* SystemConfiguration.framework */; };
		9280182A1984711A002901F3 /* FacebookSDK.framework in Frameworks */ = {isa = PBXBuildFile; fileRef = 928018291984711A002901F3 /* FacebookSDK.framework */; };
		9280182C19847129002901F3 /* Accounts.framework in Frameworks */ = {isa = PBXBuildFile; fileRef = 9280182B19847129002901F3 /* Accounts.framework */; };
		9280182E1984713C002901F3 /* Social.framework in Frameworks */ = {isa = PBXBuildFile; fileRef = 9280182D1984713C002901F3 /* Social.framework */; };
		9280183319847889002901F3 /* ExpenseInfoCell.m in Sources */ = {isa = PBXBuildFile; fileRef = 9280183119847889002901F3 /* ExpenseInfoCell.m */; };
		9280183419847889002901F3 /* ExpenseInfoCell.xib in Resources */ = {isa = PBXBuildFile; fileRef = 9280183219847889002901F3 /* ExpenseInfoCell.xib */; };
		928671EE1983EC5600974D6B /* UIView+Tag.m in Sources */ = {isa = PBXBuildFile; fileRef = 928671ED1983EC5600974D6B /* UIView+Tag.m */; };
		928671F21984014200974D6B /* UIImage+ImageFromColor.m in Sources */ = {isa = PBXBuildFile; fileRef = 928671F11984014200974D6B /* UIImage+ImageFromColor.m */; };
		92877F531983B743007FB3F7 /* main.m in Sources */ = {isa = PBXBuildFile; fileRef = 92877F521983B743007FB3F7 /* main.m */; };
		92877F561983B743007FB3F7 /* AppDelegate.m in Sources */ = {isa = PBXBuildFile; fileRef = 92877F551983B743007FB3F7 /* AppDelegate.m */; };
		92877F591983B743007FB3F7 /* SberbankMobileMoneyTracker.xcdatamodeld in Sources */ = {isa = PBXBuildFile; fileRef = 92877F571983B743007FB3F7 /* SberbankMobileMoneyTracker.xcdatamodeld */; };
		92877F611983B743007FB3F7 /* Images.xcassets in Resources */ = {isa = PBXBuildFile; fileRef = 92877F601983B743007FB3F7 /* Images.xcassets */; };
		92877F881983BD86007FB3F7 /* CalendarView.m in Sources */ = {isa = PBXBuildFile; fileRef = 92877F871983BD86007FB3F7 /* CalendarView.m */; };
		92877F8A1983BE08007FB3F7 /* CalendarView.xib in Resources */ = {isa = PBXBuildFile; fileRef = 92877F891983BE08007FB3F7 /* CalendarView.xib */; };
		92877F8E1983BEC9007FB3F7 /* Circle.m in Sources */ = {isa = PBXBuildFile; fileRef = 92877F8D1983BEC9007FB3F7 /* Circle.m */; };
		92877F951983D0D1007FB3F7 /* UIColor+Expanded.m in Sources */ = {isa = PBXBuildFile; fileRef = 92877F941983D0D1007FB3F7 /* UIColor+Expanded.m */; };
		92877F9A1983D2F8007FB3F7 /* CalendarCell.m in Sources */ = {isa = PBXBuildFile; fileRef = 92877F991983D2F8007FB3F7 /* CalendarCell.m */; };
		92877FA11983DBCB007FB3F7 /* NSArray+Functional.m in Sources */ = {isa = PBXBuildFile; fileRef = 92877FA01983DBCB007FB3F7 /* NSArray+Functional.m */; };
		92877FA51983E147007FB3F7 /* UIColor+AppColors.m in Sources */ = {isa = PBXBuildFile; fileRef = 92877FA41983E147007FB3F7 /* UIColor+AppColors.m */; };
		92877FA91983E5BD007FB3F7 /* Constants.m in Sources */ = {isa = PBXBuildFile; fileRef = 92877FA81983E5BD007FB3F7 /* Constants.m */; };
		92877FAE1983EB13007FB3F7 /* InfiniteScrollView.m in Sources */ = {isa = PBXBuildFile; fileRef = 92877FAD1983EB13007FB3F7 /* InfiniteScrollView.m */; };
		92B83D15198402EE00AD72BC /* StartViewController.m in Sources */ = {isa = PBXBuildFile; fileRef = 92B83D14198402EE00AD72BC /* StartViewController.m */; };
		92B83D191984032700AD72BC /* StartViewController.xib in Resources */ = {isa = PBXBuildFile; fileRef = 92B83D181984032700AD72BC /* StartViewController.xib */; };
		92B83D1D1984039200AD72BC /* CirclesView.m in Sources */ = {isa = PBXBuildFile; fileRef = 92B83D1C1984039200AD72BC /* CirclesView.m */; };
		92B83D2219840AFF00AD72BC /* LabelOnCircle.m in Sources */ = {isa = PBXBuildFile; fileRef = 92B83D2119840AFF00AD72BC /* LabelOnCircle.m */; };
		92F18CC31984214500ACEA70 /* MainViewNavigation.m in Sources */ = {isa = PBXBuildFile; fileRef = 92F18CC21984214500ACEA70 /* MainViewNavigation.m */; };
		CB15E42D1984141300157FA4 /* NewExpenseViewController.m in Sources */ = {isa = PBXBuildFile; fileRef = CB15E42B1984141300157FA4 /* NewExpenseViewController.m */; };
		CB15E42E1984141300157FA4 /* NewExpenseViewController.xib in Resources */ = {isa = PBXBuildFile; fileRef = CB15E42C1984141300157FA4 /* NewExpenseViewController.xib */; };
		CB9CAB191984038B009D9E8A /* CoreDataManager.m in Sources */ = {isa = PBXBuildFile; fileRef = CB9CAB181984038B009D9E8A /* CoreDataManager.m */; };
		CB9FD03919841CA300FF6ED0 /* CategoryTypesTableViewCell.m in Sources */ = {isa = PBXBuildFile; fileRef = CB9FD03719841CA300FF6ED0 /* CategoryTypesTableViewCell.m */; };
		CB9FD03A19841CA300FF6ED0 /* CategoryTypesTableViewCell.xib in Resources */ = {isa = PBXBuildFile; fileRef = CB9FD03819841CA300FF6ED0 /* CategoryTypesTableViewCell.xib */; };
		CBEFCC28198458320089D145 /* MoneyTrackerServerManager.m in Sources */ = {isa = PBXBuildFile; fileRef = CBEFCC27198458320089D145 /* MoneyTrackerServerManager.m */; };
		CBEFCC2B198459B00089D145 /* MoneyTrackerClient.m in Sources */ = {isa = PBXBuildFile; fileRef = CBEFCC2A198459B00089D145 /* MoneyTrackerClient.m */; };
		CBEFCC2E198475840089D145 /* NSDate+DayAccuracy.m in Sources */ = {isa = PBXBuildFile; fileRef = CBEFCC2D198475840089D145 /* NSDate+DayAccuracy.m */; };
		CBEFCC3C19847E8E0089D145 /* DayInfo.m in Sources */ = {isa = PBXBuildFile; fileRef = CBEFCC3B19847E8E0089D145 /* DayInfo.m */; };
		CBEFCC3F19847E8F0089D145 /* Expense.m in Sources */ = {isa = PBXBuildFile; fileRef = CBEFCC3E19847E8F0089D145 /* Expense.m */; };
		CBEFCC4219847E8F0089D145 /* CategoryType.m in Sources */ = {isa = PBXBuildFile; fileRef = CBEFCC4119847E8F0089D145 /* CategoryType.m */; };
/* End PBXBuildFile section */

/* Begin PBXContainerItemProxy section */
		92300E0A1984A18B006B2078 /* PBXContainerItemProxy */ = {
			isa = PBXContainerItemProxy;
			containerPortal = 92877F451983B743007FB3F7 /* Project object */;
			proxyType = 1;
			remoteGlobalIDString = 92300DFF1984A18B006B2078;
			remoteInfo = SberbankMobileMoneyTrackerToday;
		};
		92300E0D1984A18B006B2078 /* PBXContainerItemProxy */ = {
			isa = PBXContainerItemProxy;
			containerPortal = 92877F451983B743007FB3F7 /* Project object */;
			proxyType = 1;
			remoteGlobalIDString = 92300DFF1984A18B006B2078;
			remoteInfo = SberbankMobileMoneyTrackerToday;
		};
/* End PBXContainerItemProxy section */

/* Begin PBXCopyFilesBuildPhase section */
		922ECBE419849D1B0032A81E /* Embed App Extensions */ = {
			isa = PBXCopyFilesBuildPhase;
			buildActionMask = 2147483647;
			dstPath = "";
			dstSubfolderSpec = 13;
			files = (
				92300E0C1984A18B006B2078 /* SberbankMobileMoneyTrackerToday.appex in Embed App Extensions */,
			);
			name = "Embed App Extensions";
			runOnlyForDeploymentPostprocessing = 0;
		};
/* End PBXCopyFilesBuildPhase section */

/* Begin PBXFileReference section */
		54253365C4104F52B28FEFA7 /* Pods.xcconfig */ = {isa = PBXFileReference; includeInIndex = 1; lastKnownFileType = text.xcconfig; name = Pods.xcconfig; path = Pods/Pods.xcconfig; sourceTree = "<group>"; };
		922ECBD219849D1B0032A81E /* NotificationCenter.framework */ = {isa = PBXFileReference; lastKnownFileType = wrapper.framework; name = NotificationCenter.framework; path = System/Library/Frameworks/NotificationCenter.framework; sourceTree = SDKROOT; };
		92300E001984A18B006B2078 /* SberbankMobileMoneyTrackerToday.appex */ = {isa = PBXFileReference; explicitFileType = "wrapper.app-extension"; includeInIndex = 0; path = SberbankMobileMoneyTrackerToday.appex; sourceTree = BUILT_PRODUCTS_DIR; };
		92300E041984A18B006B2078 /* Info.plist */ = {isa = PBXFileReference; lastKnownFileType = text.plist.xml; path = Info.plist; sourceTree = "<group>"; };
		92300E051984A18B006B2078 /* TodayViewController.h */ = {isa = PBXFileReference; lastKnownFileType = sourcecode.c.h; path = TodayViewController.h; sourceTree = "<group>"; };
		92300E061984A18B006B2078 /* TodayViewController.m */ = {isa = PBXFileReference; lastKnownFileType = sourcecode.c.objc; path = TodayViewController.m; sourceTree = "<group>"; };
		92300E081984A18B006B2078 /* MainInterface.storyboard */ = {isa = PBXFileReference; lastKnownFileType = file.storyboard; path = MainInterface.storyboard; sourceTree = "<group>"; };
		92300E131984A1E5006B2078 /* Circle.h */ = {isa = PBXFileReference; fileEncoding = 4; lastKnownFileType = sourcecode.c.h; path = Circle.h; sourceTree = "<group>"; };
		92300E141984A1E5006B2078 /* Circle.m */ = {isa = PBXFileReference; fileEncoding = 4; lastKnownFileType = sourcecode.c.objc; path = Circle.m; sourceTree = "<group>"; };
		92300E151984A1E5006B2078 /* CirclesView.h */ = {isa = PBXFileReference; fileEncoding = 4; lastKnownFileType = sourcecode.c.h; path = CirclesView.h; sourceTree = "<group>"; };
		92300E161984A1E5006B2078 /* CirclesView.m */ = {isa = PBXFileReference; fileEncoding = 4; lastKnownFileType = sourcecode.c.objc; path = CirclesView.m; sourceTree = "<group>"; };
		92300E171984A1E5006B2078 /* LabelOnCircle.h */ = {isa = PBXFileReference; fileEncoding = 4; lastKnownFileType = sourcecode.c.h; path = LabelOnCircle.h; sourceTree = "<group>"; };
		92300E181984A1E5006B2078 /* LabelOnCircle.m */ = {isa = PBXFileReference; fileEncoding = 4; lastKnownFileType = sourcecode.c.objc; path = LabelOnCircle.m; sourceTree = "<group>"; };
		92300E191984A1E5006B2078 /* NSArray+Functional.h */ = {isa = PBXFileReference; fileEncoding = 4; lastKnownFileType = sourcecode.c.h; path = "NSArray+Functional.h"; sourceTree = "<group>"; };
		92300E1A1984A1E5006B2078 /* NSArray+Functional.m */ = {isa = PBXFileReference; fileEncoding = 4; lastKnownFileType = sourcecode.c.objc; path = "NSArray+Functional.m"; sourceTree = "<group>"; };
		92300E1B1984A1E5006B2078 /* UIColor+AppColors.h */ = {isa = PBXFileReference; fileEncoding = 4; lastKnownFileType = sourcecode.c.h; path = "UIColor+AppColors.h"; sourceTree = "<group>"; };
		92300E1C1984A1E5006B2078 /* UIColor+AppColors.m */ = {isa = PBXFileReference; fileEncoding = 4; lastKnownFileType = sourcecode.c.objc; path = "UIColor+AppColors.m"; sourceTree = "<group>"; };
		92300E1D1984A1E5006B2078 /* UIColor+Expanded.h */ = {isa = PBXFileReference; fileEncoding = 4; lastKnownFileType = sourcecode.c.h; path = "UIColor+Expanded.h"; sourceTree = "<group>"; };
		92300E1E1984A1E5006B2078 /* UIColor+Expanded.m */ = {isa = PBXFileReference; fileEncoding = 4; lastKnownFileType = sourcecode.c.objc; path = "UIColor+Expanded.m"; sourceTree = "<group>"; };
		92300E1F1984A1E5006B2078 /* UIImage+ImageFromColor.h */ = {isa = PBXFileReference; fileEncoding = 4; lastKnownFileType = sourcecode.c.h; path = "UIImage+ImageFromColor.h"; sourceTree = "<group>"; };
		92300E201984A1E5006B2078 /* UIImage+ImageFromColor.m */ = {isa = PBXFileReference; fileEncoding = 4; lastKnownFileType = sourcecode.c.objc; path = "UIImage+ImageFromColor.m"; sourceTree = "<group>"; };
		92300E211984A1E5006B2078 /* UIView+Tag.h */ = {isa = PBXFileReference; fileEncoding = 4; lastKnownFileType = sourcecode.c.h; path = "UIView+Tag.h"; sourceTree = "<group>"; };
		92300E221984A1E5006B2078 /* UIView+Tag.m */ = {isa = PBXFileReference; fileEncoding = 4; lastKnownFileType = sourcecode.c.objc; path = "UIView+Tag.m"; sourceTree = "<group>"; };
		924E16181984DA9500903C7E /* NSDictionary+FastSearch.h */ = {isa = PBXFileReference; fileEncoding = 4; lastKnownFileType = sourcecode.c.h; path = "NSDictionary+FastSearch.h"; sourceTree = "<group>"; };
		924E16191984DA9500903C7E /* NSDictionary+FastSearch.m */ = {isa = PBXFileReference; fileEncoding = 4; lastKnownFileType = sourcecode.c.objc; path = "NSDictionary+FastSearch.m"; sourceTree = "<group>"; };
		9280180E198463B7002901F3 /* ExpenseViewController.h */ = {isa = PBXFileReference; fileEncoding = 4; lastKnownFileType = sourcecode.c.h; name = ExpenseViewController.h; path = ViewControllers/ExpenseTableViewController/ExpenseViewController.h; sourceTree = "<group>"; };
		9280180F198463B7002901F3 /* ExpenseViewController.m */ = {isa = PBXFileReference; fileEncoding = 4; lastKnownFileType = sourcecode.c.objc; name = ExpenseViewController.m; path = ViewControllers/ExpenseTableViewController/ExpenseViewController.m; sourceTree = "<group>"; };
		92801810198463B7002901F3 /* ExpenseViewController.xib */ = {isa = PBXFileReference; fileEncoding = 4; lastKnownFileType = file.xib; name = ExpenseViewController.xib; path = ViewControllers/ExpenseTableViewController/ExpenseViewController.xib; sourceTree = "<group>"; };
		92801813198470BC002901F3 /* Parse.framework */ = {isa = PBXFileReference; lastKnownFileType = wrapper.framework; path = Parse.framework; sourceTree = "<group>"; };
		92801815198470CA002901F3 /* AudioToolbox.framework */ = {isa = PBXFileReference; lastKnownFileType = wrapper.framework; name = AudioToolbox.framework; path = System/Library/Frameworks/AudioToolbox.framework; sourceTree = SDKROOT; };
		92801817198470CE002901F3 /* CFNetwork.framework */ = {isa = PBXFileReference; lastKnownFileType = wrapper.framework; name = CFNetwork.framework; path = System/Library/Frameworks/CFNetwork.framework; sourceTree = SDKROOT; };
		92801819198470D4002901F3 /* CoreGraphics.framework */ = {isa = PBXFileReference; lastKnownFileType = wrapper.framework; name = CoreGraphics.framework; path = System/Library/Frameworks/CoreGraphics.framework; sourceTree = SDKROOT; };
		9280181B198470D9002901F3 /* CoreLocation.framework */ = {isa = PBXFileReference; lastKnownFileType = wrapper.framework; name = CoreLocation.framework; path = System/Library/Frameworks/CoreLocation.framework; sourceTree = SDKROOT; };
		9280181D198470E1002901F3 /* libz.dylib */ = {isa = PBXFileReference; lastKnownFileType = "compiled.mach-o.dylib"; name = libz.dylib; path = usr/lib/libz.dylib; sourceTree = SDKROOT; };
		9280181F198470E7002901F3 /* MobileCoreServices.framework */ = {isa = PBXFileReference; lastKnownFileType = wrapper.framework; name = MobileCoreServices.framework; path = System/Library/Frameworks/MobileCoreServices.framework; sourceTree = SDKROOT; };
		92801821198470EB002901F3 /* QuartzCore.framework */ = {isa = PBXFileReference; lastKnownFileType = wrapper.framework; name = QuartzCore.framework; path = System/Library/Frameworks/QuartzCore.framework; sourceTree = SDKROOT; };
		92801823198470F0002901F3 /* Security.framework */ = {isa = PBXFileReference; lastKnownFileType = wrapper.framework; name = Security.framework; path = System/Library/Frameworks/Security.framework; sourceTree = SDKROOT; };
		92801825198470F5002901F3 /* StoreKit.framework */ = {isa = PBXFileReference; lastKnownFileType = wrapper.framework; name = StoreKit.framework; path = System/Library/Frameworks/StoreKit.framework; sourceTree = SDKROOT; };
		92801827198470FA002901F3 /* SystemConfiguration.framework */ = {isa = PBXFileReference; lastKnownFileType = wrapper.framework; name = SystemConfiguration.framework; path = System/Library/Frameworks/SystemConfiguration.framework; sourceTree = SDKROOT; };
		928018291984711A002901F3 /* FacebookSDK.framework */ = {isa = PBXFileReference; lastKnownFileType = wrapper.framework; path = FacebookSDK.framework; sourceTree = "<group>"; };
		9280182B19847129002901F3 /* Accounts.framework */ = {isa = PBXFileReference; lastKnownFileType = wrapper.framework; name = Accounts.framework; path = System/Library/Frameworks/Accounts.framework; sourceTree = SDKROOT; };
		9280182D1984713C002901F3 /* Social.framework */ = {isa = PBXFileReference; lastKnownFileType = wrapper.framework; name = Social.framework; path = System/Library/Frameworks/Social.framework; sourceTree = SDKROOT; };
		9280183019847889002901F3 /* ExpenseInfoCell.h */ = {isa = PBXFileReference; fileEncoding = 4; lastKnownFileType = sourcecode.c.h; name = ExpenseInfoCell.h; path = ViewControllers/ExpenseTableViewController/Cells/ExpenseInfoCell.h; sourceTree = "<group>"; };
		9280183119847889002901F3 /* ExpenseInfoCell.m */ = {isa = PBXFileReference; fileEncoding = 4; lastKnownFileType = sourcecode.c.objc; name = ExpenseInfoCell.m; path = ViewControllers/ExpenseTableViewController/Cells/ExpenseInfoCell.m; sourceTree = "<group>"; };
		9280183219847889002901F3 /* ExpenseInfoCell.xib */ = {isa = PBXFileReference; fileEncoding = 4; lastKnownFileType = file.xib; name = ExpenseInfoCell.xib; path = ViewControllers/ExpenseTableViewController/Cells/ExpenseInfoCell.xib; sourceTree = "<group>"; };
		928671EC1983EC5600974D6B /* UIView+Tag.h */ = {isa = PBXFileReference; fileEncoding = 4; lastKnownFileType = sourcecode.c.h; name = "UIView+Tag.h"; path = "Helpers/UIView+Tag/UIView+Tag.h"; sourceTree = "<group>"; };
		928671ED1983EC5600974D6B /* UIView+Tag.m */ = {isa = PBXFileReference; fileEncoding = 4; lastKnownFileType = sourcecode.c.objc; name = "UIView+Tag.m"; path = "Helpers/UIView+Tag/UIView+Tag.m"; sourceTree = "<group>"; };
		928671F01984014200974D6B /* UIImage+ImageFromColor.h */ = {isa = PBXFileReference; fileEncoding = 4; lastKnownFileType = sourcecode.c.h; path = "UIImage+ImageFromColor.h"; sourceTree = "<group>"; };
		928671F11984014200974D6B /* UIImage+ImageFromColor.m */ = {isa = PBXFileReference; fileEncoding = 4; lastKnownFileType = sourcecode.c.objc; path = "UIImage+ImageFromColor.m"; sourceTree = "<group>"; };
		92877F4D1983B743007FB3F7 /* SberbankMobileMoneyTracker.app */ = {isa = PBXFileReference; explicitFileType = wrapper.application; includeInIndex = 0; path = SberbankMobileMoneyTracker.app; sourceTree = BUILT_PRODUCTS_DIR; };
		92877F511983B743007FB3F7 /* Info.plist */ = {isa = PBXFileReference; lastKnownFileType = text.plist.xml; path = Info.plist; sourceTree = "<group>"; };
		92877F521983B743007FB3F7 /* main.m */ = {isa = PBXFileReference; lastKnownFileType = sourcecode.c.objc; path = main.m; sourceTree = "<group>"; };
		92877F541983B743007FB3F7 /* AppDelegate.h */ = {isa = PBXFileReference; lastKnownFileType = sourcecode.c.h; path = AppDelegate.h; sourceTree = "<group>"; };
		92877F551983B743007FB3F7 /* AppDelegate.m */ = {isa = PBXFileReference; lastKnownFileType = sourcecode.c.objc; path = AppDelegate.m; sourceTree = "<group>"; };
		92877F581983B743007FB3F7 /* SberbankMobileMoneyTracker.xcdatamodel */ = {isa = PBXFileReference; lastKnownFileType = wrapper.xcdatamodel; path = SberbankMobileMoneyTracker.xcdatamodel; sourceTree = "<group>"; };
		92877F601983B743007FB3F7 /* Images.xcassets */ = {isa = PBXFileReference; lastKnownFileType = folder.assetcatalog; path = Images.xcassets; sourceTree = "<group>"; };
		92877F861983BD86007FB3F7 /* CalendarView.h */ = {isa = PBXFileReference; fileEncoding = 4; lastKnownFileType = sourcecode.c.h; name = CalendarView.h; path = CustomViews/CalendarView/CalendarView.h; sourceTree = "<group>"; };
		92877F871983BD86007FB3F7 /* CalendarView.m */ = {isa = PBXFileReference; fileEncoding = 4; lastKnownFileType = sourcecode.c.objc; name = CalendarView.m; path = CustomViews/CalendarView/CalendarView.m; sourceTree = "<group>"; };
		92877F891983BE08007FB3F7 /* CalendarView.xib */ = {isa = PBXFileReference; fileEncoding = 4; lastKnownFileType = file.xib; name = CalendarView.xib; path = CustomViews/CalendarView/CalendarView.xib; sourceTree = "<group>"; };
		92877F8C1983BEC9007FB3F7 /* Circle.h */ = {isa = PBXFileReference; fileEncoding = 4; lastKnownFileType = sourcecode.c.h; name = Circle.h; path = CustomViews/Circle/Circle.h; sourceTree = "<group>"; };
		92877F8D1983BEC9007FB3F7 /* Circle.m */ = {isa = PBXFileReference; fileEncoding = 4; lastKnownFileType = sourcecode.c.objc; name = Circle.m; path = CustomViews/Circle/Circle.m; sourceTree = "<group>"; };
		92877F931983D0D1007FB3F7 /* UIColor+Expanded.h */ = {isa = PBXFileReference; fileEncoding = 4; lastKnownFileType = sourcecode.c.h; name = "UIColor+Expanded.h"; path = "Helpers/Color+Extend/UIColor+Expanded.h"; sourceTree = "<group>"; };
		92877F941983D0D1007FB3F7 /* UIColor+Expanded.m */ = {isa = PBXFileReference; fileEncoding = 4; lastKnownFileType = sourcecode.c.objc; name = "UIColor+Expanded.m"; path = "Helpers/Color+Extend/UIColor+Expanded.m"; sourceTree = "<group>"; };
		92877F961983D16D007FB3F7 /* Prefix.pch */ = {isa = PBXFileReference; fileEncoding = 4; lastKnownFileType = sourcecode.c.h; path = Prefix.pch; sourceTree = "<group>"; };
		92877F981983D2F8007FB3F7 /* CalendarCell.h */ = {isa = PBXFileReference; fileEncoding = 4; lastKnownFileType = sourcecode.c.h; name = CalendarCell.h; path = CustomViews/CalendarView/CalendarCell/CalendarCell.h; sourceTree = "<group>"; };
		92877F991983D2F8007FB3F7 /* CalendarCell.m */ = {isa = PBXFileReference; fileEncoding = 4; lastKnownFileType = sourcecode.c.objc; name = CalendarCell.m; path = CustomViews/CalendarView/CalendarCell/CalendarCell.m; sourceTree = "<group>"; };
		92877F9F1983DBCB007FB3F7 /* NSArray+Functional.h */ = {isa = PBXFileReference; fileEncoding = 4; lastKnownFileType = sourcecode.c.h; path = "NSArray+Functional.h"; sourceTree = "<group>"; };
		92877FA01983DBCB007FB3F7 /* NSArray+Functional.m */ = {isa = PBXFileReference; fileEncoding = 4; lastKnownFileType = sourcecode.c.objc; path = "NSArray+Functional.m"; sourceTree = "<group>"; };
		92877FA31983E147007FB3F7 /* UIColor+AppColors.h */ = {isa = PBXFileReference; fileEncoding = 4; lastKnownFileType = sourcecode.c.h; name = "UIColor+AppColors.h"; path = "Helpers/UIColor+AppColors/UIColor+AppColors.h"; sourceTree = "<group>"; };
		92877FA41983E147007FB3F7 /* UIColor+AppColors.m */ = {isa = PBXFileReference; fileEncoding = 4; lastKnownFileType = sourcecode.c.objc; name = "UIColor+AppColors.m"; path = "Helpers/UIColor+AppColors/UIColor+AppColors.m"; sourceTree = "<group>"; };
		92877FA71983E5BD007FB3F7 /* Constants.h */ = {isa = PBXFileReference; fileEncoding = 4; lastKnownFileType = sourcecode.c.h; name = Constants.h; path = Configuration/Constants/Constants.h; sourceTree = "<group>"; };
		92877FA81983E5BD007FB3F7 /* Constants.m */ = {isa = PBXFileReference; fileEncoding = 4; lastKnownFileType = sourcecode.c.objc; name = Constants.m; path = Configuration/Constants/Constants.m; sourceTree = "<group>"; };
		92877FAC1983EB13007FB3F7 /* InfiniteScrollView.h */ = {isa = PBXFileReference; fileEncoding = 4; lastKnownFileType = sourcecode.c.h; name = InfiniteScrollView.h; path = CustomViews/InfiniteScrollView/InfiniteScrollView.h; sourceTree = "<group>"; };
		92877FAD1983EB13007FB3F7 /* InfiniteScrollView.m */ = {isa = PBXFileReference; fileEncoding = 4; lastKnownFileType = sourcecode.c.objc; name = InfiniteScrollView.m; path = CustomViews/InfiniteScrollView/InfiniteScrollView.m; sourceTree = "<group>"; };
		92B83D13198402EE00AD72BC /* StartViewController.h */ = {isa = PBXFileReference; fileEncoding = 4; lastKnownFileType = sourcecode.c.h; name = StartViewController.h; path = ViewControllers/StartViewControllers/StartViewController.h; sourceTree = "<group>"; };
		92B83D14198402EE00AD72BC /* StartViewController.m */ = {isa = PBXFileReference; fileEncoding = 4; lastKnownFileType = sourcecode.c.objc; name = StartViewController.m; path = ViewControllers/StartViewControllers/StartViewController.m; sourceTree = "<group>"; };
		92B83D181984032700AD72BC /* StartViewController.xib */ = {isa = PBXFileReference; fileEncoding = 4; lastKnownFileType = file.xib; name = StartViewController.xib; path = ViewControllers/StartViewControllers/StartViewController.xib; sourceTree = "<group>"; };
		92B83D1B1984039200AD72BC /* CirclesView.h */ = {isa = PBXFileReference; fileEncoding = 4; lastKnownFileType = sourcecode.c.h; name = CirclesView.h; path = CustomViews/CircleViews/CirclesView.h; sourceTree = "<group>"; };
		92B83D1C1984039200AD72BC /* CirclesView.m */ = {isa = PBXFileReference; fileEncoding = 4; lastKnownFileType = sourcecode.c.objc; name = CirclesView.m; path = CustomViews/CircleViews/CirclesView.m; sourceTree = "<group>"; };
		92B83D2019840AFF00AD72BC /* LabelOnCircle.h */ = {isa = PBXFileReference; fileEncoding = 4; lastKnownFileType = sourcecode.c.h; name = LabelOnCircle.h; path = CustomViews/UILabelWithText/LabelOnCircle.h; sourceTree = "<group>"; };
		92B83D2119840AFF00AD72BC /* LabelOnCircle.m */ = {isa = PBXFileReference; fileEncoding = 4; lastKnownFileType = sourcecode.c.objc; name = LabelOnCircle.m; path = CustomViews/UILabelWithText/LabelOnCircle.m; sourceTree = "<group>"; };
		92F18CC11984214500ACEA70 /* MainViewNavigation.h */ = {isa = PBXFileReference; fileEncoding = 4; lastKnownFileType = sourcecode.c.h; name = MainViewNavigation.h; path = CustomViews/MainViewNavigation/MainViewNavigation.h; sourceTree = "<group>"; };
		92F18CC21984214500ACEA70 /* MainViewNavigation.m */ = {isa = PBXFileReference; fileEncoding = 4; lastKnownFileType = sourcecode.c.objc; name = MainViewNavigation.m; path = CustomViews/MainViewNavigation/MainViewNavigation.m; sourceTree = "<group>"; };
		BD0AFDF4CE8E40AA9AFCF343 /* libPods.a */ = {isa = PBXFileReference; explicitFileType = archive.ar; includeInIndex = 0; path = libPods.a; sourceTree = BUILT_PRODUCTS_DIR; };
		CB15E42A1984141300157FA4 /* NewExpenseViewController.h */ = {isa = PBXFileReference; fileEncoding = 4; lastKnownFileType = sourcecode.c.h; name = NewExpenseViewController.h; path = ViewControllers/NewExpenseViewController/NewExpenseViewController.h; sourceTree = "<group>"; };
		CB15E42B1984141300157FA4 /* NewExpenseViewController.m */ = {isa = PBXFileReference; fileEncoding = 4; lastKnownFileType = sourcecode.c.objc; name = NewExpenseViewController.m; path = ViewControllers/NewExpenseViewController/NewExpenseViewController.m; sourceTree = "<group>"; };
		CB15E42C1984141300157FA4 /* NewExpenseViewController.xib */ = {isa = PBXFileReference; fileEncoding = 4; lastKnownFileType = file.xib; name = NewExpenseViewController.xib; path = ViewControllers/NewExpenseViewController/NewExpenseViewController.xib; sourceTree = "<group>"; };
		CB9CAB171984038B009D9E8A /* CoreDataManager.h */ = {isa = PBXFileReference; fileEncoding = 4; lastKnownFileType = sourcecode.c.h; path = CoreDataManager.h; sourceTree = "<group>"; };
		CB9CAB181984038B009D9E8A /* CoreDataManager.m */ = {isa = PBXFileReference; fileEncoding = 4; lastKnownFileType = sourcecode.c.objc; path = CoreDataManager.m; sourceTree = "<group>"; };
		CB9CAB1A19840411009D9E8A /* SberbankMobileMoneyTracker-Bridging-Header.h */ = {isa = PBXFileReference; lastKnownFileType = sourcecode.c.h; path = "SberbankMobileMoneyTracker-Bridging-Header.h"; sourceTree = "<group>"; };
		CB9FD03619841CA300FF6ED0 /* CategoryTypesTableViewCell.h */ = {isa = PBXFileReference; fileEncoding = 4; lastKnownFileType = sourcecode.c.h; name = CategoryTypesTableViewCell.h; path = ViewControllers/CategoryTypesViewController/Cells/CategoryTypesTableViewCell.h; sourceTree = "<group>"; };
		CB9FD03719841CA300FF6ED0 /* CategoryTypesTableViewCell.m */ = {isa = PBXFileReference; fileEncoding = 4; lastKnownFileType = sourcecode.c.objc; name = CategoryTypesTableViewCell.m; path = ViewControllers/CategoryTypesViewController/Cells/CategoryTypesTableViewCell.m; sourceTree = "<group>"; };
		CB9FD03819841CA300FF6ED0 /* CategoryTypesTableViewCell.xib */ = {isa = PBXFileReference; fileEncoding = 4; lastKnownFileType = file.xib; name = CategoryTypesTableViewCell.xib; path = ViewControllers/CategoryTypesViewController/Cells/CategoryTypesTableViewCell.xib; sourceTree = "<group>"; };
		CBEFCC26198458320089D145 /* MoneyTrackerServerManager.h */ = {isa = PBXFileReference; fileEncoding = 4; lastKnownFileType = sourcecode.c.h; path = MoneyTrackerServerManager.h; sourceTree = "<group>"; };
		CBEFCC27198458320089D145 /* MoneyTrackerServerManager.m */ = {isa = PBXFileReference; fileEncoding = 4; lastKnownFileType = sourcecode.c.objc; path = MoneyTrackerServerManager.m; sourceTree = "<group>"; };
		CBEFCC29198459B00089D145 /* MoneyTrackerClient.h */ = {isa = PBXFileReference; fileEncoding = 4; lastKnownFileType = sourcecode.c.h; path = MoneyTrackerClient.h; sourceTree = "<group>"; };
		CBEFCC2A198459B00089D145 /* MoneyTrackerClient.m */ = {isa = PBXFileReference; fileEncoding = 4; lastKnownFileType = sourcecode.c.objc; path = MoneyTrackerClient.m; sourceTree = "<group>"; };
		CBEFCC2C198475840089D145 /* NSDate+DayAccuracy.h */ = {isa = PBXFileReference; fileEncoding = 4; lastKnownFileType = sourcecode.c.h; path = "NSDate+DayAccuracy.h"; sourceTree = "<group>"; };
		CBEFCC2D198475840089D145 /* NSDate+DayAccuracy.m */ = {isa = PBXFileReference; fileEncoding = 4; lastKnownFileType = sourcecode.c.objc; path = "NSDate+DayAccuracy.m"; sourceTree = "<group>"; };
		CBEFCC3A19847E8E0089D145 /* DayInfo.h */ = {isa = PBXFileReference; fileEncoding = 4; lastKnownFileType = sourcecode.c.h; path = DayInfo.h; sourceTree = "<group>"; };
		CBEFCC3B19847E8E0089D145 /* DayInfo.m */ = {isa = PBXFileReference; fileEncoding = 4; lastKnownFileType = sourcecode.c.objc; path = DayInfo.m; sourceTree = "<group>"; };
		CBEFCC3D19847E8F0089D145 /* Expense.h */ = {isa = PBXFileReference; fileEncoding = 4; lastKnownFileType = sourcecode.c.h; path = Expense.h; sourceTree = "<group>"; };
		CBEFCC3E19847E8F0089D145 /* Expense.m */ = {isa = PBXFileReference; fileEncoding = 4; lastKnownFileType = sourcecode.c.objc; path = Expense.m; sourceTree = "<group>"; };
		CBEFCC4019847E8F0089D145 /* CategoryType.h */ = {isa = PBXFileReference; fileEncoding = 4; lastKnownFileType = sourcecode.c.h; path = CategoryType.h; sourceTree = "<group>"; };
		CBEFCC4119847E8F0089D145 /* CategoryType.m */ = {isa = PBXFileReference; fileEncoding = 4; lastKnownFileType = sourcecode.c.objc; path = CategoryType.m; sourceTree = "<group>"; };
/* End PBXFileReference section */

/* Begin PBXFrameworksBuildPhase section */
		92300DFD1984A18B006B2078 /* Frameworks */ = {
			isa = PBXFrameworksBuildPhase;
			buildActionMask = 2147483647;
			files = (
				92300E011984A18B006B2078 /* NotificationCenter.framework in Frameworks */,
			);
			runOnlyForDeploymentPostprocessing = 0;
		};
		92877F4A1983B743007FB3F7 /* Frameworks */ = {
			isa = PBXFrameworksBuildPhase;
			buildActionMask = 2147483647;
			files = (
				9280182E1984713C002901F3 /* Social.framework in Frameworks */,
				9280182C19847129002901F3 /* Accounts.framework in Frameworks */,
				92801828198470FA002901F3 /* SystemConfiguration.framework in Frameworks */,
				92801826198470F5002901F3 /* StoreKit.framework in Frameworks */,
				92801824198470F0002901F3 /* Security.framework in Frameworks */,
				92801822198470EB002901F3 /* QuartzCore.framework in Frameworks */,
				92801820198470E7002901F3 /* MobileCoreServices.framework in Frameworks */,
				9280181E198470E1002901F3 /* libz.dylib in Frameworks */,
				9280181C198470D9002901F3 /* CoreLocation.framework in Frameworks */,
				9280181A198470D4002901F3 /* CoreGraphics.framework in Frameworks */,
				9280182A1984711A002901F3 /* FacebookSDK.framework in Frameworks */,
				92801818198470CE002901F3 /* CFNetwork.framework in Frameworks */,
				92801816198470CA002901F3 /* AudioToolbox.framework in Frameworks */,
				92801814198470BC002901F3 /* Parse.framework in Frameworks */,
				56F764DBDB3B44E4BD2F3632 /* libPods.a in Frameworks */,
			);
			runOnlyForDeploymentPostprocessing = 0;
		};
/* End PBXFrameworksBuildPhase section */

/* Begin PBXGroup section */
		0080898B3E7E48FBAE15462C /* Frameworks */ = {
			isa = PBXGroup;
			children = (
				9280182D1984713C002901F3 /* Social.framework */,
				9280182B19847129002901F3 /* Accounts.framework */,
				928018291984711A002901F3 /* FacebookSDK.framework */,
				92801827198470FA002901F3 /* SystemConfiguration.framework */,
				92801825198470F5002901F3 /* StoreKit.framework */,
				92801823198470F0002901F3 /* Security.framework */,
				92801821198470EB002901F3 /* QuartzCore.framework */,
				9280181F198470E7002901F3 /* MobileCoreServices.framework */,
				9280181D198470E1002901F3 /* libz.dylib */,
				9280181B198470D9002901F3 /* CoreLocation.framework */,
				92801819198470D4002901F3 /* CoreGraphics.framework */,
				92801817198470CE002901F3 /* CFNetwork.framework */,
				92801815198470CA002901F3 /* AudioToolbox.framework */,
				92801813198470BC002901F3 /* Parse.framework */,
				BD0AFDF4CE8E40AA9AFCF343 /* libPods.a */,
				922ECBD219849D1B0032A81E /* NotificationCenter.framework */,
			);
			name = Frameworks;
			sourceTree = "<group>";
		};
		92300E021984A18B006B2078 /* SberbankMobileMoneyTrackerToday */ = {
			isa = PBXGroup;
			children = (
				92300E121984A1DD006B2078 /* Classes */,
				92300E051984A18B006B2078 /* TodayViewController.h */,
				92300E061984A18B006B2078 /* TodayViewController.m */,
				92300E081984A18B006B2078 /* MainInterface.storyboard */,
				92300E031984A18B006B2078 /* Supporting Files */,
			);
			path = SberbankMobileMoneyTrackerToday;
			sourceTree = "<group>";
		};
		92300E031984A18B006B2078 /* Supporting Files */ = {
			isa = PBXGroup;
			children = (
				92300E041984A18B006B2078 /* Info.plist */,
			);
			name = "Supporting Files";
			sourceTree = "<group>";
		};
		92300E121984A1DD006B2078 /* Classes */ = {
			isa = PBXGroup;
			children = (
				92300E131984A1E5006B2078 /* Circle.h */,
				92300E141984A1E5006B2078 /* Circle.m */,
				92300E151984A1E5006B2078 /* CirclesView.h */,
				92300E161984A1E5006B2078 /* CirclesView.m */,
				92300E171984A1E5006B2078 /* LabelOnCircle.h */,
				92300E181984A1E5006B2078 /* LabelOnCircle.m */,
				92300E191984A1E5006B2078 /* NSArray+Functional.h */,
				92300E1A1984A1E5006B2078 /* NSArray+Functional.m */,
				92300E1B1984A1E5006B2078 /* UIColor+AppColors.h */,
				92300E1C1984A1E5006B2078 /* UIColor+AppColors.m */,
				92300E1D1984A1E5006B2078 /* UIColor+Expanded.h */,
				92300E1E1984A1E5006B2078 /* UIColor+Expanded.m */,
				92300E1F1984A1E5006B2078 /* UIImage+ImageFromColor.h */,
				92300E201984A1E5006B2078 /* UIImage+ImageFromColor.m */,
				92300E211984A1E5006B2078 /* UIView+Tag.h */,
				92300E221984A1E5006B2078 /* UIView+Tag.m */,
			);
			name = Classes;
			sourceTree = "<group>";
		};
		9280180D19846395002901F3 /* ExpenseTableViewController */ = {
			isa = PBXGroup;
			children = (
				9280182F19847869002901F3 /* Cells */,
				9280180E198463B7002901F3 /* ExpenseViewController.h */,
				9280180F198463B7002901F3 /* ExpenseViewController.m */,
				92801810198463B7002901F3 /* ExpenseViewController.xib */,
			);
			name = ExpenseTableViewController;
			sourceTree = "<group>";
		};
		9280182F19847869002901F3 /* Cells */ = {
			isa = PBXGroup;
			children = (
				9280183019847889002901F3 /* ExpenseInfoCell.h */,
				9280183119847889002901F3 /* ExpenseInfoCell.m */,
				9280183219847889002901F3 /* ExpenseInfoCell.xib */,
			);
			name = Cells;
			sourceTree = "<group>";
		};
		928671EB1983EC3100974D6B /* UIView+Tag */ = {
			isa = PBXGroup;
			children = (
				928671EC1983EC5600974D6B /* UIView+Tag.h */,
				928671ED1983EC5600974D6B /* UIView+Tag.m */,
			);
			name = "UIView+Tag";
			sourceTree = "<group>";
		};
		928671EF1984011A00974D6B /* UIImage+Overlay */ = {
			isa = PBXGroup;
			children = (
				928671F01984014200974D6B /* UIImage+ImageFromColor.h */,
				928671F11984014200974D6B /* UIImage+ImageFromColor.m */,
			);
			name = "UIImage+Overlay";
			sourceTree = "<group>";
		};
		928671F3198401FF00974D6B /* StartViewController */ = {
			isa = PBXGroup;
			children = (
				92B83D13198402EE00AD72BC /* StartViewController.h */,
				92B83D14198402EE00AD72BC /* StartViewController.m */,
				92B83D181984032700AD72BC /* StartViewController.xib */,
			);
			name = StartViewController;
			sourceTree = "<group>";
		};
		92877F441983B743007FB3F7 = {
			isa = PBXGroup;
			children = (
				92877F4F1983B743007FB3F7 /* SberbankMobileMoneyTracker */,
				92300E021984A18B006B2078 /* SberbankMobileMoneyTrackerToday */,
				92877F4E1983B743007FB3F7 /* Products */,
				54253365C4104F52B28FEFA7 /* Pods.xcconfig */,
				0080898B3E7E48FBAE15462C /* Frameworks */,
			);
			sourceTree = "<group>";
		};
		92877F4E1983B743007FB3F7 /* Products */ = {
			isa = PBXGroup;
			children = (
				92877F4D1983B743007FB3F7 /* SberbankMobileMoneyTracker.app */,
				92300E001984A18B006B2078 /* SberbankMobileMoneyTrackerToday.appex */,
			);
			name = Products;
			sourceTree = "<group>";
		};
		92877F4F1983B743007FB3F7 /* SberbankMobileMoneyTracker */ = {
			isa = PBXGroup;
			children = (
				CBEFCC25198451180089D145 /* ServerInteraction */,
				92877F911983D09C007FB3F7 /* Third Party */,
				92877F7D1983BB36007FB3F7 /* AppDelegate */,
				92877F7B1983BB29007FB3F7 /* Core */,
				92877F7A1983BB1A007FB3F7 /* ViewControllers */,
				92877F841983BD3D007FB3F7 /* CustomViews */,
				92877F501983B743007FB3F7 /* Supporting Files */,
			);
			path = SberbankMobileMoneyTracker;
			sourceTree = "<group>";
		};
		92877F501983B743007FB3F7 /* Supporting Files */ = {
			isa = PBXGroup;
			children = (
				92877F961983D16D007FB3F7 /* Prefix.pch */,
				92877F601983B743007FB3F7 /* Images.xcassets */,
				92877F511983B743007FB3F7 /* Info.plist */,
				92877F521983B743007FB3F7 /* main.m */,
			);
			name = "Supporting Files";
			sourceTree = "<group>";
		};
		92877F7A1983BB1A007FB3F7 /* ViewControllers */ = {
			isa = PBXGroup;
			children = (
				9280180D19846395002901F3 /* ExpenseTableViewController */,
				CB15E4291984139900157FA4 /* NewExpenseViewController */,
				928671F3198401FF00974D6B /* StartViewController */,
			);
			name = ViewControllers;
			sourceTree = "<group>";
		};
		92877F7B1983BB29007FB3F7 /* Core */ = {
			isa = PBXGroup;
			children = (
				92877FA61983E58C007FB3F7 /* Configuration */,
				92877F7C1983BB2C007FB3F7 /* DataModel */,
			);
			name = Core;
			sourceTree = "<group>";
		};
		92877F7C1983BB2C007FB3F7 /* DataModel */ = {
			isa = PBXGroup;
			children = (
				CB9CAB171984038B009D9E8A /* CoreDataManager.h */,
				CB9CAB181984038B009D9E8A /* CoreDataManager.m */,
				92877F571983B743007FB3F7 /* SberbankMobileMoneyTracker.xcdatamodeld */,
				92877F9D1983D825007FB3F7 /* Entities */,
				CB9CAB1A19840411009D9E8A /* SberbankMobileMoneyTracker-Bridging-Header.h */,
			);
			name = DataModel;
			sourceTree = "<group>";
		};
		92877F7D1983BB36007FB3F7 /* AppDelegate */ = {
			isa = PBXGroup;
			children = (
				92877F541983B743007FB3F7 /* AppDelegate.h */,
				92877F551983B743007FB3F7 /* AppDelegate.m */,
			);
			name = AppDelegate;
			sourceTree = "<group>";
		};
		92877F841983BD3D007FB3F7 /* CustomViews */ = {
			isa = PBXGroup;
			children = (
				92F18CC01984211900ACEA70 /* MainViewNavigation */,
				92B83D1F19840AE200AD72BC /* UILabelWithText */,
				92B83D1A1984037900AD72BC /* CirclesView */,
				92877FAB1983EB03007FB3F7 /* InfiniteScrollView */,
				92877F8B1983BEAA007FB3F7 /* Circle */,
				92877F851983BD5C007FB3F7 /* CalendarView */,
			);
			name = CustomViews;
			sourceTree = "<group>";
		};
		92877F851983BD5C007FB3F7 /* CalendarView */ = {
			isa = PBXGroup;
			children = (
				92877F971983D2E2007FB3F7 /* CalendarCell */,
				92877F861983BD86007FB3F7 /* CalendarView.h */,
				92877F871983BD86007FB3F7 /* CalendarView.m */,
				92877F891983BE08007FB3F7 /* CalendarView.xib */,
			);
			name = CalendarView;
			sourceTree = "<group>";
		};
		92877F8B1983BEAA007FB3F7 /* Circle */ = {
			isa = PBXGroup;
			children = (
				92877F8C1983BEC9007FB3F7 /* Circle.h */,
				92877F8D1983BEC9007FB3F7 /* Circle.m */,
			);
			name = Circle;
			sourceTree = "<group>";
		};
		92877F911983D09C007FB3F7 /* Third Party */ = {
			isa = PBXGroup;
			children = (
				CBEFCC2F1984758B0089D145 /* NSDate+DayAccuracy */,
				928671EF1984011A00974D6B /* UIImage+Overlay */,
				928671EB1983EC3100974D6B /* UIView+Tag */,
				92877FA21983E102007FB3F7 /* UIColors + App */,
				92877F9E1983DB87007FB3F7 /* Additional Helpers */,
				92877F921983D0C2007FB3F7 /* Color+Extend */,
				924E16181984DA9500903C7E /* NSDictionary+FastSearch.h */,
				924E16191984DA9500903C7E /* NSDictionary+FastSearch.m */,
			);
			name = "Third Party";
			sourceTree = "<group>";
		};
		92877F921983D0C2007FB3F7 /* Color+Extend */ = {
			isa = PBXGroup;
			children = (
				92877F931983D0D1007FB3F7 /* UIColor+Expanded.h */,
				92877F941983D0D1007FB3F7 /* UIColor+Expanded.m */,
			);
			name = "Color+Extend";
			sourceTree = "<group>";
		};
		92877F971983D2E2007FB3F7 /* CalendarCell */ = {
			isa = PBXGroup;
			children = (
				92877F981983D2F8007FB3F7 /* CalendarCell.h */,
				92877F991983D2F8007FB3F7 /* CalendarCell.m */,
			);
			name = CalendarCell;
			sourceTree = "<group>";
		};
		92877F9D1983D825007FB3F7 /* Entities */ = {
			isa = PBXGroup;
			children = (
				CBEFCC4019847E8F0089D145 /* CategoryType.h */,
				CBEFCC4119847E8F0089D145 /* CategoryType.m */,
				CBEFCC3D19847E8F0089D145 /* Expense.h */,
				CBEFCC3E19847E8F0089D145 /* Expense.m */,
				CBEFCC3A19847E8E0089D145 /* DayInfo.h */,
				CBEFCC3B19847E8E0089D145 /* DayInfo.m */,
			);
			name = Entities;
			sourceTree = "<group>";
		};
		92877F9E1983DB87007FB3F7 /* Additional Helpers */ = {
			isa = PBXGroup;
			children = (
				92877F9F1983DBCB007FB3F7 /* NSArray+Functional.h */,
				92877FA01983DBCB007FB3F7 /* NSArray+Functional.m */,
			);
			name = "Additional Helpers";
			sourceTree = "<group>";
		};
		92877FA21983E102007FB3F7 /* UIColors + App */ = {
			isa = PBXGroup;
			children = (
				92877FA31983E147007FB3F7 /* UIColor+AppColors.h */,
				92877FA41983E147007FB3F7 /* UIColor+AppColors.m */,
			);
			name = "UIColors + App";
			sourceTree = "<group>";
		};
		92877FA61983E58C007FB3F7 /* Configuration */ = {
			isa = PBXGroup;
			children = (
				92877FAA1983E5C1007FB3F7 /* Constants */,
			);
			name = Configuration;
			sourceTree = "<group>";
		};
		92877FAA1983E5C1007FB3F7 /* Constants */ = {
			isa = PBXGroup;
			children = (
				92877FA71983E5BD007FB3F7 /* Constants.h */,
				92877FA81983E5BD007FB3F7 /* Constants.m */,
			);
			name = Constants;
			sourceTree = "<group>";
		};
		92877FAB1983EB03007FB3F7 /* InfiniteScrollView */ = {
			isa = PBXGroup;
			children = (
				92877FAC1983EB13007FB3F7 /* InfiniteScrollView.h */,
				92877FAD1983EB13007FB3F7 /* InfiniteScrollView.m */,
			);
			name = InfiniteScrollView;
			sourceTree = "<group>";
		};
		92B83D1A1984037900AD72BC /* CirclesView */ = {
			isa = PBXGroup;
			children = (
				92B83D1B1984039200AD72BC /* CirclesView.h */,
				92B83D1C1984039200AD72BC /* CirclesView.m */,
			);
			name = CirclesView;
			sourceTree = "<group>";
		};
		92B83D1F19840AE200AD72BC /* UILabelWithText */ = {
			isa = PBXGroup;
			children = (
				92B83D2019840AFF00AD72BC /* LabelOnCircle.h */,
				92B83D2119840AFF00AD72BC /* LabelOnCircle.m */,
			);
			name = UILabelWithText;
			sourceTree = "<group>";
		};
		92F18CC01984211900ACEA70 /* MainViewNavigation */ = {
			isa = PBXGroup;
			children = (
				92F18CC11984214500ACEA70 /* MainViewNavigation.h */,
				92F18CC21984214500ACEA70 /* MainViewNavigation.m */,
			);
			name = MainViewNavigation;
			sourceTree = "<group>";
		};
		CB15E4291984139900157FA4 /* NewExpenseViewController */ = {
			isa = PBXGroup;
			children = (
				CB9FD03519841C7D00FF6ED0 /* CategoryTypesTableViewCell */,
				CB15E42A1984141300157FA4 /* NewExpenseViewController.h */,
				CB15E42B1984141300157FA4 /* NewExpenseViewController.m */,
				CB15E42C1984141300157FA4 /* NewExpenseViewController.xib */,
			);
			name = NewExpenseViewController;
			sourceTree = "<group>";
		};
		CB9FD03519841C7D00FF6ED0 /* CategoryTypesTableViewCell */ = {
			isa = PBXGroup;
			children = (
				CB9FD03619841CA300FF6ED0 /* CategoryTypesTableViewCell.h */,
				CB9FD03719841CA300FF6ED0 /* CategoryTypesTableViewCell.m */,
				CB9FD03819841CA300FF6ED0 /* CategoryTypesTableViewCell.xib */,
			);
			name = CategoryTypesTableViewCell;
			sourceTree = "<group>";
		};
		CBEFCC25198451180089D145 /* ServerInteraction */ = {
			isa = PBXGroup;
			children = (
				CBEFCC26198458320089D145 /* MoneyTrackerServerManager.h */,
				CBEFCC27198458320089D145 /* MoneyTrackerServerManager.m */,
				CBEFCC29198459B00089D145 /* MoneyTrackerClient.h */,
				CBEFCC2A198459B00089D145 /* MoneyTrackerClient.m */,
			);
			name = ServerInteraction;
			sourceTree = "<group>";
		};
		CBEFCC2F1984758B0089D145 /* NSDate+DayAccuracy */ = {
			isa = PBXGroup;
			children = (
				CBEFCC2C198475840089D145 /* NSDate+DayAccuracy.h */,
				CBEFCC2D198475840089D145 /* NSDate+DayAccuracy.m */,
			);
			name = "NSDate+DayAccuracy";
			sourceTree = "<group>";
		};
/* End PBXGroup section */

/* Begin PBXNativeTarget section */
		92300DFF1984A18B006B2078 /* SberbankMobileMoneyTrackerToday */ = {
			isa = PBXNativeTarget;
			buildConfigurationList = 92300E0F1984A18B006B2078 /* Build configuration list for PBXNativeTarget "SberbankMobileMoneyTrackerToday" */;
			buildPhases = (
				92300DFC1984A18B006B2078 /* Sources */,
				92300DFD1984A18B006B2078 /* Frameworks */,
				92300DFE1984A18B006B2078 /* Resources */,
			);
			buildRules = (
			);
			dependencies = (
			);
			name = SberbankMobileMoneyTrackerToday;
			productName = SberbankMobileMoneyTrackerToday;
			productReference = 92300E001984A18B006B2078 /* SberbankMobileMoneyTrackerToday.appex */;
			productType = "com.apple.product-type.app-extension";
		};
		92877F4C1983B743007FB3F7 /* SberbankMobileMoneyTracker */ = {
			isa = PBXNativeTarget;
			buildConfigurationList = 92877F701983B743007FB3F7 /* Build configuration list for PBXNativeTarget "SberbankMobileMoneyTracker" */;
			buildPhases = (
				05BFC515BA894A7AAD964DF9 /* Check Pods Manifest.lock */,
				92877F491983B743007FB3F7 /* Sources */,
				92877F4A1983B743007FB3F7 /* Frameworks */,
				92877F4B1983B743007FB3F7 /* Resources */,
				D8BA11D967F6485C801C4969 /* Copy Pods Resources */,
				922ECBE419849D1B0032A81E /* Embed App Extensions */,
			);
			buildRules = (
			);
			dependencies = (
				92300E0B1984A18B006B2078 /* PBXTargetDependency */,
				92300E0E1984A18B006B2078 /* PBXTargetDependency */,
			);
			name = SberbankMobileMoneyTracker;
			productName = SberbankMobileMoneyTracker;
			productReference = 92877F4D1983B743007FB3F7 /* SberbankMobileMoneyTracker.app */;
			productType = "com.apple.product-type.application";
		};
/* End PBXNativeTarget section */

/* Begin PBXProject section */
		92877F451983B743007FB3F7 /* Project object */ = {
			isa = PBXProject;
			attributes = {
				LastUpgradeCheck = 0600;
				ORGANIZATIONNAME = Empatika;
				TargetAttributes = {
					92300DFF1984A18B006B2078 = {
						CreatedOnToolsVersion = 6.0;
					};
					92877F4C1983B743007FB3F7 = {
						CreatedOnToolsVersion = 6.0;
						DevelopmentTeam = AM7RDT263T;
					};
				};
			};
			buildConfigurationList = 92877F481983B743007FB3F7 /* Build configuration list for PBXProject "SberbankMobileMoneyTracker" */;
			compatibilityVersion = "Xcode 3.2";
			developmentRegion = English;
			hasScannedForEncodings = 0;
			knownRegions = (
				en,
				Base,
			);
			mainGroup = 92877F441983B743007FB3F7;
			productRefGroup = 92877F4E1983B743007FB3F7 /* Products */;
			projectDirPath = "";
			projectRoot = "";
			targets = (
				92877F4C1983B743007FB3F7 /* SberbankMobileMoneyTracker */,
				92300DFF1984A18B006B2078 /* SberbankMobileMoneyTrackerToday */,
			);
		};
/* End PBXProject section */

/* Begin PBXResourcesBuildPhase section */
		92300DFE1984A18B006B2078 /* Resources */ = {
			isa = PBXResourcesBuildPhase;
			buildActionMask = 2147483647;
			files = (
				92300E091984A18B006B2078 /* MainInterface.storyboard in Resources */,
			);
			runOnlyForDeploymentPostprocessing = 0;
		};
		92877F4B1983B743007FB3F7 /* Resources */ = {
			isa = PBXResourcesBuildPhase;
			buildActionMask = 2147483647;
			files = (
				CB15E42E1984141300157FA4 /* NewExpenseViewController.xib in Resources */,
				92877F8A1983BE08007FB3F7 /* CalendarView.xib in Resources */,
				9280183419847889002901F3 /* ExpenseInfoCell.xib in Resources */,
				92B83D191984032700AD72BC /* StartViewController.xib in Resources */,
				92877F611983B743007FB3F7 /* Images.xcassets in Resources */,
				CB9FD03A19841CA300FF6ED0 /* CategoryTypesTableViewCell.xib in Resources */,
				92801812198463B7002901F3 /* ExpenseViewController.xib in Resources */,
			);
			runOnlyForDeploymentPostprocessing = 0;
		};
/* End PBXResourcesBuildPhase section */

/* Begin PBXShellScriptBuildPhase section */
		05BFC515BA894A7AAD964DF9 /* Check Pods Manifest.lock */ = {
			isa = PBXShellScriptBuildPhase;
			buildActionMask = 2147483647;
			files = (
			);
			inputPaths = (
			);
			name = "Check Pods Manifest.lock";
			outputPaths = (
			);
			runOnlyForDeploymentPostprocessing = 0;
			shellPath = /bin/sh;
			shellScript = "diff \"${PODS_ROOT}/../Podfile.lock\" \"${PODS_ROOT}/Manifest.lock\" > /dev/null\nif [[ $? != 0 ]] ; then\n    cat << EOM\nerror: The sandbox is not in sync with the Podfile.lock. Run 'pod install' or update your CocoaPods installation.\nEOM\n    exit 1\nfi\n";
			showEnvVarsInLog = 0;
		};
		D8BA11D967F6485C801C4969 /* Copy Pods Resources */ = {
			isa = PBXShellScriptBuildPhase;
			buildActionMask = 2147483647;
			files = (
			);
			inputPaths = (
			);
			name = "Copy Pods Resources";
			outputPaths = (
			);
			runOnlyForDeploymentPostprocessing = 0;
			shellPath = /bin/sh;
			shellScript = "\"${SRCROOT}/Pods/Pods-resources.sh\"\n";
			showEnvVarsInLog = 0;
		};
/* End PBXShellScriptBuildPhase section */

/* Begin PBXSourcesBuildPhase section */
		92300DFC1984A18B006B2078 /* Sources */ = {
			isa = PBXSourcesBuildPhase;
			buildActionMask = 2147483647;
			files = (
				92300E241984A1E5006B2078 /* CirclesView.m in Sources */,
				92300E271984A1E5006B2078 /* UIColor+AppColors.m in Sources */,
				92300E261984A1E5006B2078 /* NSArray+Functional.m in Sources */,
				92300E281984A1E5006B2078 /* UIColor+Expanded.m in Sources */,
				92300E251984A1E5006B2078 /* LabelOnCircle.m in Sources */,
				92300E291984A1E5006B2078 /* UIImage+ImageFromColor.m in Sources */,
				92300E071984A18B006B2078 /* TodayViewController.m in Sources */,
				92300E2A1984A1E5006B2078 /* UIView+Tag.m in Sources */,
				92300E231984A1E5006B2078 /* Circle.m in Sources */,
			);
			runOnlyForDeploymentPostprocessing = 0;
		};
		92877F491983B743007FB3F7 /* Sources */ = {
			isa = PBXSourcesBuildPhase;
			buildActionMask = 2147483647;
			files = (
				92877FA91983E5BD007FB3F7 /* Constants.m in Sources */,
				92877F561983B743007FB3F7 /* AppDelegate.m in Sources */,
				92877F591983B743007FB3F7 /* SberbankMobileMoneyTracker.xcdatamodeld in Sources */,
				928671F21984014200974D6B /* UIImage+ImageFromColor.m in Sources */,
				92877F531983B743007FB3F7 /* main.m in Sources */,
				92877F9A1983D2F8007FB3F7 /* CalendarCell.m in Sources */,
				92877F951983D0D1007FB3F7 /* UIColor+Expanded.m in Sources */,
				92877FA51983E147007FB3F7 /* UIColor+AppColors.m in Sources */,
				CBEFCC3F19847E8F0089D145 /* Expense.m in Sources */,
				CBEFCC4219847E8F0089D145 /* CategoryType.m in Sources */,
				92F18CC31984214500ACEA70 /* MainViewNavigation.m in Sources */,
				CB9FD03919841CA300FF6ED0 /* CategoryTypesTableViewCell.m in Sources */,
				92B83D1D1984039200AD72BC /* CirclesView.m in Sources */,
				92877FAE1983EB13007FB3F7 /* InfiniteScrollView.m in Sources */,
				CBEFCC2B198459B00089D145 /* MoneyTrackerClient.m in Sources */,
				CBEFCC2E198475840089D145 /* NSDate+DayAccuracy.m in Sources */,
				CB15E42D1984141300157FA4 /* NewExpenseViewController.m in Sources */,
				92877FA11983DBCB007FB3F7 /* NSArray+Functional.m in Sources */,
				92801811198463B7002901F3 /* ExpenseViewController.m in Sources */,
				928671EE1983EC5600974D6B /* UIView+Tag.m in Sources */,
				92877F8E1983BEC9007FB3F7 /* Circle.m in Sources */,
				92B83D15198402EE00AD72BC /* StartViewController.m in Sources */,
				CBEFCC3C19847E8E0089D145 /* DayInfo.m in Sources */,
				CBEFCC28198458320089D145 /* MoneyTrackerServerManager.m in Sources */,
				9280183319847889002901F3 /* ExpenseInfoCell.m in Sources */,
				924E161A1984DA9500903C7E /* NSDictionary+FastSearch.m in Sources */,
				CB9CAB191984038B009D9E8A /* CoreDataManager.m in Sources */,
				92877F881983BD86007FB3F7 /* CalendarView.m in Sources */,
				92B83D2219840AFF00AD72BC /* LabelOnCircle.m in Sources */,
			);
			runOnlyForDeploymentPostprocessing = 0;
		};
/* End PBXSourcesBuildPhase section */

/* Begin PBXTargetDependency section */
		92300E0B1984A18B006B2078 /* PBXTargetDependency */ = {
			isa = PBXTargetDependency;
			target = 92300DFF1984A18B006B2078 /* SberbankMobileMoneyTrackerToday */;
			targetProxy = 92300E0A1984A18B006B2078 /* PBXContainerItemProxy */;
		};
		92300E0E1984A18B006B2078 /* PBXTargetDependency */ = {
			isa = PBXTargetDependency;
			target = 92300DFF1984A18B006B2078 /* SberbankMobileMoneyTrackerToday */;
			targetProxy = 92300E0D1984A18B006B2078 /* PBXContainerItemProxy */;
		};
/* End PBXTargetDependency section */

/* Begin XCBuildConfiguration section */
		92300E101984A18B006B2078 /* Debug */ = {
			isa = XCBuildConfiguration;
			buildSettings = {
				CODE_SIGN_IDENTITY = "iPhone Developer";
				"CODE_SIGN_IDENTITY[sdk=iphoneos*]" = "iPhone Developer: Bayram Annakov (NU8R6C3SJ2)";
				GCC_PREPROCESSOR_DEFINITIONS = (
					"DEBUG=1",
					"$(inherited)",
				);
				INFOPLIST_FILE = SberbankMobileMoneyTrackerToday/Info.plist;
				LD_RUNPATH_SEARCH_PATHS = "$(inherited) @executable_path/Frameworks @executable_path/../../Frameworks";
				PRODUCT_NAME = "$(TARGET_NAME)";
				SKIP_INSTALL = YES;
			};
			name = Debug;
		};
		92300E111984A18B006B2078 /* Release */ = {
			isa = XCBuildConfiguration;
			buildSettings = {
				CODE_SIGN_IDENTITY = "iPhone Developer";
				"CODE_SIGN_IDENTITY[sdk=iphoneos*]" = "iPhone Developer: Bayram Annakov (NU8R6C3SJ2)";
				INFOPLIST_FILE = SberbankMobileMoneyTrackerToday/Info.plist;
				LD_RUNPATH_SEARCH_PATHS = "$(inherited) @executable_path/Frameworks @executable_path/../../Frameworks";
				PRODUCT_NAME = "$(TARGET_NAME)";
				SKIP_INSTALL = YES;
			};
			name = Release;
		};
		92877F6E1983B743007FB3F7 /* Debug */ = {
			isa = XCBuildConfiguration;
			buildSettings = {
				ALWAYS_SEARCH_USER_PATHS = NO;
				CLANG_CXX_LANGUAGE_STANDARD = "gnu++0x";
				CLANG_CXX_LIBRARY = "libc++";
				CLANG_ENABLE_MODULES = YES;
				CLANG_ENABLE_OBJC_ARC = YES;
				CLANG_WARN_BOOL_CONVERSION = YES;
				CLANG_WARN_CONSTANT_CONVERSION = YES;
				CLANG_WARN_DIRECT_OBJC_ISA_USAGE = YES_ERROR;
				CLANG_WARN_EMPTY_BODY = YES;
				CLANG_WARN_ENUM_CONVERSION = YES;
				CLANG_WARN_INT_CONVERSION = YES;
				CLANG_WARN_OBJC_ROOT_CLASS = YES_ERROR;
				CLANG_WARN_UNREACHABLE_CODE = YES;
				CLANG_WARN__DUPLICATE_METHOD_MATCH = YES;
				"CODE_SIGN_IDENTITY[sdk=iphoneos*]" = "iPhone Developer";
				COPY_PHASE_STRIP = NO;
				ENABLE_STRICT_OBJC_MSGSEND = YES;
				GCC_C_LANGUAGE_STANDARD = gnu99;
				GCC_DYNAMIC_NO_PIC = NO;
				GCC_OPTIMIZATION_LEVEL = 0;
				GCC_PREPROCESSOR_DEFINITIONS = (
					"DEBUG=1",
					"$(inherited)",
				);
				GCC_SYMBOLS_PRIVATE_EXTERN = NO;
				GCC_WARN_64_TO_32_BIT_CONVERSION = YES;
				GCC_WARN_ABOUT_RETURN_TYPE = YES_ERROR;
				GCC_WARN_UNDECLARED_SELECTOR = YES;
				GCC_WARN_UNINITIALIZED_AUTOS = YES_AGGRESSIVE;
				GCC_WARN_UNUSED_FUNCTION = YES;
				GCC_WARN_UNUSED_VARIABLE = YES;
				IPHONEOS_DEPLOYMENT_TARGET = 8.0;
				MTL_ENABLE_DEBUG_INFO = YES;
				ONLY_ACTIVE_ARCH = YES;
				SDKROOT = iphoneos;
			};
			name = Debug;
		};
		92877F6F1983B743007FB3F7 /* Release */ = {
			isa = XCBuildConfiguration;
			buildSettings = {
				ALWAYS_SEARCH_USER_PATHS = NO;
				CLANG_CXX_LANGUAGE_STANDARD = "gnu++0x";
				CLANG_CXX_LIBRARY = "libc++";
				CLANG_ENABLE_MODULES = YES;
				CLANG_ENABLE_OBJC_ARC = YES;
				CLANG_WARN_BOOL_CONVERSION = YES;
				CLANG_WARN_CONSTANT_CONVERSION = YES;
				CLANG_WARN_DIRECT_OBJC_ISA_USAGE = YES_ERROR;
				CLANG_WARN_EMPTY_BODY = YES;
				CLANG_WARN_ENUM_CONVERSION = YES;
				CLANG_WARN_INT_CONVERSION = YES;
				CLANG_WARN_OBJC_ROOT_CLASS = YES_ERROR;
				CLANG_WARN_UNREACHABLE_CODE = YES;
				CLANG_WARN__DUPLICATE_METHOD_MATCH = YES;
				"CODE_SIGN_IDENTITY[sdk=iphoneos*]" = "iPhone Developer";
				COPY_PHASE_STRIP = YES;
				ENABLE_NS_ASSERTIONS = NO;
				ENABLE_STRICT_OBJC_MSGSEND = YES;
				GCC_C_LANGUAGE_STANDARD = gnu99;
				GCC_WARN_64_TO_32_BIT_CONVERSION = YES;
				GCC_WARN_ABOUT_RETURN_TYPE = YES_ERROR;
				GCC_WARN_UNDECLARED_SELECTOR = YES;
				GCC_WARN_UNINITIALIZED_AUTOS = YES_AGGRESSIVE;
				GCC_WARN_UNUSED_FUNCTION = YES;
				GCC_WARN_UNUSED_VARIABLE = YES;
				IPHONEOS_DEPLOYMENT_TARGET = 8.0;
				MTL_ENABLE_DEBUG_INFO = NO;
				SDKROOT = iphoneos;
				VALIDATE_PRODUCT = YES;
			};
			name = Release;
		};
		92877F711983B743007FB3F7 /* Debug */ = {
			isa = XCBuildConfiguration;
			baseConfigurationReference = 54253365C4104F52B28FEFA7 /* Pods.xcconfig */;
			buildSettings = {
				ASSETCATALOG_COMPILER_APPICON_NAME = AppIcon;
				ASSETCATALOG_COMPILER_LAUNCHIMAGE_NAME = LaunchImage;
				CLANG_ENABLE_MODULES = YES;
				CODE_SIGN_IDENTITY = "iPhone Developer: Bayram Annakov (NU8R6C3SJ2)";
				"CODE_SIGN_IDENTITY[sdk=iphoneos*]" = "iPhone Developer: Bayram Annakov (NU8R6C3SJ2)";
				FRAMEWORK_SEARCH_PATHS = (
					"$(inherited)",
					"$(PROJECT_DIR)",
				);
				GCC_PREFIX_HEADER = SberbankMobileMoneyTracker/Prefix.pch;
				INFOPLIST_FILE = SberbankMobileMoneyTracker/Info.plist;
				IPHONEOS_DEPLOYMENT_TARGET = 8.0;
				LD_RUNPATH_SEARCH_PATHS = "$(inherited) @executable_path/Frameworks";
				PRODUCT_NAME = "$(TARGET_NAME)";
				PROVISIONING_PROFILE = "74B12DAE-BB69-4152-B8C5-668871BAE8B3";
				SWIFT_OBJC_BRIDGING_HEADER = "SberbankMobileMoneyTracker/SberbankMobileMoneyTracker-Bridging-Header.h";
				SWIFT_OPTIMIZATION_LEVEL = "-Onone";
			};
			name = Debug;
		};
		92877F721983B743007FB3F7 /* Release */ = {
			isa = XCBuildConfiguration;
			baseConfigurationReference = 54253365C4104F52B28FEFA7 /* Pods.xcconfig */;
			buildSettings = {
				ASSETCATALOG_COMPILER_APPICON_NAME = AppIcon;
				ASSETCATALOG_COMPILER_LAUNCHIMAGE_NAME = LaunchImage;
				CLANG_ENABLE_MODULES = YES;
				CODE_SIGN_IDENTITY = "iPhone Developer: Bayram Annakov (NU8R6C3SJ2)";
				"CODE_SIGN_IDENTITY[sdk=iphoneos*]" = "iPhone Developer: Bayram Annakov (NU8R6C3SJ2)";
				FRAMEWORK_SEARCH_PATHS = (
					"$(inherited)",
					"$(PROJECT_DIR)",
				);
				GCC_PREFIX_HEADER = SberbankMobileMoneyTracker/Prefix.pch;
				INFOPLIST_FILE = SberbankMobileMoneyTracker/Info.plist;
				IPHONEOS_DEPLOYMENT_TARGET = 8.0;
				LD_RUNPATH_SEARCH_PATHS = "$(inherited) @executable_path/Frameworks";
				PRODUCT_NAME = "$(TARGET_NAME)";
				PROVISIONING_PROFILE = "74B12DAE-BB69-4152-B8C5-668871BAE8B3";
				SWIFT_OBJC_BRIDGING_HEADER = "SberbankMobileMoneyTracker/SberbankMobileMoneyTracker-Bridging-Header.h";
			};
			name = Release;
		};
/* End XCBuildConfiguration section */

/* Begin XCConfigurationList section */
		92300E0F1984A18B006B2078 /* Build configuration list for PBXNativeTarget "SberbankMobileMoneyTrackerToday" */ = {
			isa = XCConfigurationList;
			buildConfigurations = (
				92300E101984A18B006B2078 /* Debug */,
				92300E111984A18B006B2078 /* Release */,
			);
			defaultConfigurationIsVisible = 0;
			defaultConfigurationName = Release;
		};
		92877F481983B743007FB3F7 /* Build configuration list for PBXProject "SberbankMobileMoneyTracker" */ = {
			isa = XCConfigurationList;
			buildConfigurations = (
				92877F6E1983B743007FB3F7 /* Debug */,
				92877F6F1983B743007FB3F7 /* Release */,
			);
			defaultConfigurationIsVisible = 0;
			defaultConfigurationName = Release;
		};
		92877F701983B743007FB3F7 /* Build configuration list for PBXNativeTarget "SberbankMobileMoneyTracker" */ = {
			isa = XCConfigurationList;
			buildConfigurations = (
				92877F711983B743007FB3F7 /* Debug */,
				92877F721983B743007FB3F7 /* Release */,
			);
			defaultConfigurationIsVisible = 0;
			defaultConfigurationName = Release;
		};
/* End XCConfigurationList section */

/* Begin XCVersionGroup section */
		92877F571983B743007FB3F7 /* SberbankMobileMoneyTracker.xcdatamodeld */ = {
			isa = XCVersionGroup;
			children = (
				92877F581983B743007FB3F7 /* SberbankMobileMoneyTracker.xcdatamodel */,
			);
			currentVersion = 92877F581983B743007FB3F7 /* SberbankMobileMoneyTracker.xcdatamodel */;
			path = SberbankMobileMoneyTracker.xcdatamodeld;
			sourceTree = "<group>";
			versionGroupType = wrapper.xcdatamodel;
		};
/* End XCVersionGroup section */
	};
	rootObject = 92877F451983B743007FB3F7 /* Project object */;
}
